
Microsoft Visual Studio Solution File, Format Version 12.00
# Visual Studio Version 17
VisualStudioVersion = 17.5.2.0
MinimumVisualStudioVersion = 10.0.40219.1
Project("{2150E333-8FDC-42A3-9474-1A3956D46DE8}") = "src", "src", "{827E0CD3-B72D-47B6-A68D-7590B98EB39B}"
EndProject
Project("{2150E333-8FDC-42A3-9474-1A3956D46DE8}") = "01-foundations", "01-foundations", "{09F55A60-2C22-37D5-405F-F92307257BDA}"
EndProject
Project("{2150E333-8FDC-42A3-9474-1A3956D46DE8}") = "01-development-environment-and-cli", "01-development-environment-and-cli", "{68D1A365-E228-C1F0-3CB5-50101C18D27A}"
EndProject
Project("{FAE04EC0-301F-11D3-BF4B-00C04F79EFBC}") = "DotnetAcademy.CliBasicsDemo", "src\01-foundations\01-development-environment-and-cli\DotnetAcademy.CliBasicsDemo\DotnetAcademy.CliBasicsDemo.csproj", "{9900DB37-0C53-2DB6-CFC4-B34421C1A368}"
EndProject
Project("{2150E333-8FDC-42A3-9474-1A3956D46DE8}") = "tests", "tests", "{0AB3BF05-4346-4AA6-1389-037BE0695223}"
EndProject
Project("{2150E333-8FDC-42A3-9474-1A3956D46DE8}") = "01-foundations", "01-foundations", "{CC1FA4B5-2803-A465-376C-17E6D3227910}"
EndProject
Project("{2150E333-8FDC-42A3-9474-1A3956D46DE8}") = "01-development-environment-and-cli", "01-development-environment-and-cli", "{B748D8F0-C49B-6669-17E7-A9A9F18E35E6}"
EndProject
Project("{FAE04EC0-301F-11D3-BF4B-00C04F79EFBC}") = "DotnetAcademy.CliBasicsDemo.Tests", "tests\01-foundations\01-development-environment-and-cli\DotnetAcademy.CliBasicsDemo.Tests\DotnetAcademy.CliBasicsDemo.Tests.csproj", "{666EDC38-28ED-485A-9990-1CCCDDF9B4B9}"
EndProject
Project("{2150E333-8FDC-42A3-9474-1A3956D46DE8}") = "02-first-console-application", "02-first-console-application", "{3DCC4A1B-4BE9-06B0-3AB2-480CB2481CF1}"
EndProject
Project("{FAE04EC0-301F-11D3-BF4B-00C04F79EFBC}") = "DotnetAcademy.FirstConsoleAppDemo", "src\01-foundations\02-first-console-application\DotnetAcademy.FirstConsoleAppDemo\DotnetAcademy.FirstConsoleAppDemo.csproj", "{733F6E19-37C4-47A0-923A-D2ACD5FA9768}"
EndProject
Project("{2150E333-8FDC-42A3-9474-1A3956D46DE8}") = "02-first-console-application", "02-first-console-application", "{3F16F954-9AF9-0833-65AA-B7A6FCBD2BE1}"
EndProject
Project("{FAE04EC0-301F-11D3-BF4B-00C04F79EFBC}") = "DotnetAcademy.FirstConsoleAppDemo.Tests", "tests\01-foundations\02-first-console-application\DotnetAcademy.FirstConsoleAppDemo.Tests\DotnetAcademy.FirstConsoleAppDemo.Tests.csproj", "{F4968831-6566-4D9A-8464-717111946296}"
EndProject
Project("{2150E333-8FDC-42A3-9474-1A3956D46DE8}") = "03-variables-types-and-conversions", "03-variables-types-and-conversions", "{E3C9E87A-2918-68E5-6392-39339FFB1678}"
EndProject
Project("{FAE04EC0-301F-11D3-BF4B-00C04F79EFBC}") = "DotnetAcademy.VariablesTypesDemo", "src\01-foundations\03-variables-types-and-conversions\DotnetAcademy.VariablesTypesDemo\DotnetAcademy.VariablesTypesDemo.csproj", "{1F7DE59C-98DD-4FE1-8FBF-BBFB422274E5}"
EndProject
Project("{2150E333-8FDC-42A3-9474-1A3956D46DE8}") = "03-variables-types-and-conversions", "03-variables-types-and-conversions", "{773A33BD-D2B2-5C00-0577-80015D27F707}"
EndProject
Project("{FAE04EC0-301F-11D3-BF4B-00C04F79EFBC}") = "DotnetAcademy.VariablesTypesDemo.Tests", "tests\01-foundations\03-variables-types-and-conversions\DotnetAcademy.VariablesTypesDemo.Tests\DotnetAcademy.VariablesTypesDemo.Tests.csproj", "{4607C806-EAEB-476C-B234-84C0FD532821}"
EndProject
Project("{2150E333-8FDC-42A3-9474-1A3956D46DE8}") = "04-control-flow-and-methods", "04-control-flow-and-methods", "{8145A5CB-2EE8-FAD9-A119-DA6ABD73DCC7}"
EndProject
Project("{FAE04EC0-301F-11D3-BF4B-00C04F79EFBC}") = "DotnetAcademy.ControlFlowMethodsDemo", "src\01-foundations\04-control-flow-and-methods\DotnetAcademy.ControlFlowMethodsDemo\DotnetAcademy.ControlFlowMethodsDemo.csproj", "{4B06B7AC-2C87-42A6-B514-B64FAB6D2E9D}"
EndProject
Project("{2150E333-8FDC-42A3-9474-1A3956D46DE8}") = "04-control-flow-and-methods", "04-control-flow-and-methods", "{AF4B1D66-3A38-5FEC-3228-214E16A16117}"
EndProject
Project("{FAE04EC0-301F-11D3-BF4B-00C04F79EFBC}") = "DotnetAcademy.ControlFlowMethodsDemo.Tests", "tests\01-foundations\04-control-flow-and-methods\DotnetAcademy.ControlFlowMethodsDemo.Tests\DotnetAcademy.ControlFlowMethodsDemo.Tests.csproj", "{80AC57F1-FE13-4894-B1EB-C7854BAD726D}"
EndProject
Project("{2150E333-8FDC-42A3-9474-1A3956D46DE8}") = "05-nullability-and-debugging-basics", "05-nullability-and-debugging-basics", "{68C04A14-8D3B-6EE7-A98E-DDD361592E94}"
EndProject
Project("{FAE04EC0-301F-11D3-BF4B-00C04F79EFBC}") = "DotnetAcademy.NullabilityDebuggingDemo", "src\01-foundations\05-nullability-and-debugging-basics\DotnetAcademy.NullabilityDebuggingDemo\DotnetAcademy.NullabilityDebuggingDemo.csproj", "{DDFCB745-CB5D-4D7C-A8DC-F89F5695499C}"
EndProject
Project("{2150E333-8FDC-42A3-9474-1A3956D46DE8}") = "05-nullability-and-debugging-basics", "05-nullability-and-debugging-basics", "{D1FF0F8E-4024-5E38-7CEC-982FD5B5AADD}"
EndProject
Project("{FAE04EC0-301F-11D3-BF4B-00C04F79EFBC}") = "DotnetAcademy.NullabilityDebuggingDemo.Tests", "tests\01-foundations\05-nullability-and-debugging-basics\DotnetAcademy.NullabilityDebuggingDemo.Tests\DotnetAcademy.NullabilityDebuggingDemo.Tests.csproj", "{CA5A8D1A-3B45-425B-B09B-0A0D58F372F9}"
EndProject
Project("{2150E333-8FDC-42A3-9474-1A3956D46DE8}") = "labs", "labs", "{908A2AE8-7277-8D33-5900-B70622523C2F}"
EndProject
Project("{2150E333-8FDC-42A3-9474-1A3956D46DE8}") = "01-foundations", "01-foundations", "{7562CCAD-EDB9-4D18-E3A5-65DE7E6D0F79}"
EndProject
Project("{2150E333-8FDC-42A3-9474-1A3956D46DE8}") = "06-study-session-planner-lab", "06-study-session-planner-lab", "{4A4B652F-8388-9DE6-8427-E1BD1C816086}"
EndProject
Project("{FAE04EC0-301F-11D3-BF4B-00C04F79EFBC}") = "DotnetAcademy.StudySessionPlannerLab", "labs\01-foundations\06-study-session-planner-lab\solution\DotnetAcademy.StudySessionPlannerLab\DotnetAcademy.StudySessionPlannerLab.csproj", "{B25D7F03-157C-46E0-B477-E48A51AA513B}"
EndProject
Project("{2150E333-8FDC-42A3-9474-1A3956D46DE8}") = "06-study-session-planner-lab", "06-study-session-planner-lab", "{9DB4D443-841E-536A-809C-8F6E30B043D6}"
EndProject
Project("{FAE04EC0-301F-11D3-BF4B-00C04F79EFBC}") = "DotnetAcademy.StudySessionPlannerLab.Tests", "tests\01-foundations\06-study-session-planner-lab\DotnetAcademy.StudySessionPlannerLab.Tests\DotnetAcademy.StudySessionPlannerLab.Tests.csproj", "{239F8250-FBAC-42E8-B1D2-E0B39D570530}"
EndProject
Project("{2150E333-8FDC-42A3-9474-1A3956D46DE8}") = "02-csharp-core", "02-csharp-core", "{9436978B-0500-9AB4-B5B3-54521F12C59A}"
EndProject
Project("{2150E333-8FDC-42A3-9474-1A3956D46DE8}") = "01-classes-and-objects", "01-classes-and-objects", "{EDED702E-8BDF-52C2-2052-9FB0A6304D23}"
EndProject
Project("{FAE04EC0-301F-11D3-BF4B-00C04F79EFBC}") = "DotnetAcademy.ClassesObjectsDemo", "src\02-csharp-core\01-classes-and-objects\DotnetAcademy.ClassesObjectsDemo\DotnetAcademy.ClassesObjectsDemo.csproj", "{BF596C1E-8A21-4EE4-8781-FE86A7C79DE3}"
EndProject
Project("{2150E333-8FDC-42A3-9474-1A3956D46DE8}") = "02-csharp-core", "02-csharp-core", "{05637657-7D44-8666-35DC-4229375EA4A8}"
EndProject
Project("{2150E333-8FDC-42A3-9474-1A3956D46DE8}") = "01-classes-and-objects", "01-classes-and-objects", "{58AD3DE2-907D-D116-CC6F-13F98EE4487D}"
EndProject
Project("{FAE04EC0-301F-11D3-BF4B-00C04F79EFBC}") = "DotnetAcademy.ClassesObjectsDemo.Tests", "tests\02-csharp-core\01-classes-and-objects\DotnetAcademy.ClassesObjectsDemo.Tests\DotnetAcademy.ClassesObjectsDemo.Tests.csproj", "{EF45CDBA-A8BA-4B06-806A-49FC37135D36}"
EndProject
Project("{2150E333-8FDC-42A3-9474-1A3956D46DE8}") = "02-records-structs-and-enums", "02-records-structs-and-enums", "{0D5FB0AB-8338-688E-4519-FADD8E557431}"
EndProject
Project("{FAE04EC0-301F-11D3-BF4B-00C04F79EFBC}") = "DotnetAcademy.RecordsStructsEnumsDemo", "src\02-csharp-core\02-records-structs-and-enums\DotnetAcademy.RecordsStructsEnumsDemo\DotnetAcademy.RecordsStructsEnumsDemo.csproj", "{25DC9D5E-19AD-4C70-930A-3A3A9F614D6E}"
EndProject
Project("{2150E333-8FDC-42A3-9474-1A3956D46DE8}") = "02-records-structs-and-enums", "02-records-structs-and-enums", "{4D393AC0-10D1-1B79-650D-85EC7C5016B7}"
EndProject
Project("{FAE04EC0-301F-11D3-BF4B-00C04F79EFBC}") = "DotnetAcademy.RecordsStructsEnumsDemo.Tests", "tests\02-csharp-core\02-records-structs-and-enums\DotnetAcademy.RecordsStructsEnumsDemo.Tests\DotnetAcademy.RecordsStructsEnumsDemo.Tests.csproj", "{698A8C6B-0787-49D9-A6CB-F919BB4015D7}"
EndProject
Project("{2150E333-8FDC-42A3-9474-1A3956D46DE8}") = "03-interfaces-and-composition", "03-interfaces-and-composition", "{B060A98C-34B1-FEB1-1FD3-9F431D0AE3EF}"
EndProject
Project("{FAE04EC0-301F-11D3-BF4B-00C04F79EFBC}") = "DotnetAcademy.InterfacesCompositionDemo", "src\02-csharp-core\03-interfaces-and-composition\DotnetAcademy.InterfacesCompositionDemo\DotnetAcademy.InterfacesCompositionDemo.csproj", "{9D132B91-AE8B-4740-BCAF-DB9E5E5C866A}"
EndProject
Project("{2150E333-8FDC-42A3-9474-1A3956D46DE8}") = "03-interfaces-and-composition", "03-interfaces-and-composition", "{3C39FF42-0D80-D006-89AA-77BBCA85BDE5}"
EndProject
Project("{FAE04EC0-301F-11D3-BF4B-00C04F79EFBC}") = "DotnetAcademy.InterfacesCompositionDemo.Tests", "tests\02-csharp-core\03-interfaces-and-composition\DotnetAcademy.InterfacesCompositionDemo.Tests\DotnetAcademy.InterfacesCompositionDemo.Tests.csproj", "{224E05E5-A3D7-4395-BB83-2D37640F1EA7}"
EndProject
Project("{2150E333-8FDC-42A3-9474-1A3956D46DE8}") = "04-inheritance-basics", "04-inheritance-basics", "{9AA9F946-A0E2-B6DE-1130-0B06930EF79A}"
EndProject
Project("{FAE04EC0-301F-11D3-BF4B-00C04F79EFBC}") = "DotnetAcademy.InheritanceBasicsDemo", "src\02-csharp-core\04-inheritance-basics\DotnetAcademy.InheritanceBasicsDemo\DotnetAcademy.InheritanceBasicsDemo.csproj", "{427F9B34-63FD-4400-9E3E-3434C568CE82}"
EndProject
Project("{2150E333-8FDC-42A3-9474-1A3956D46DE8}") = "04-inheritance-basics", "04-inheritance-basics", "{1BDD1689-8463-C5DF-4E35-9E419C97B853}"
EndProject
Project("{FAE04EC0-301F-11D3-BF4B-00C04F79EFBC}") = "DotnetAcademy.InheritanceBasicsDemo.Tests", "tests\02-csharp-core\04-inheritance-basics\DotnetAcademy.InheritanceBasicsDemo.Tests\DotnetAcademy.InheritanceBasicsDemo.Tests.csproj", "{EB9A6879-AA34-4412-B5C0-13A630E09B17}"
EndProject
Project("{2150E333-8FDC-42A3-9474-1A3956D46DE8}") = "05-generics-collections-and-exceptions", "05-generics-collections-and-exceptions", "{9A51268F-E9D9-566B-4261-CB617D7C1691}"
EndProject
Project("{FAE04EC0-301F-11D3-BF4B-00C04F79EFBC}") = "DotnetAcademy.GenericsCollectionsExceptionsDemo", "src\02-csharp-core\05-generics-collections-and-exceptions\DotnetAcademy.GenericsCollectionsExceptionsDemo\DotnetAcademy.GenericsCollectionsExceptionsDemo.csproj", "{64121D8D-D5FD-4664-87DE-DA7404923664}"
EndProject
Project("{2150E333-8FDC-42A3-9474-1A3956D46DE8}") = "05-generics-collections-and-exceptions", "05-generics-collections-and-exceptions", "{61FD3B9E-2B50-8630-B915-5E95D613FD5A}"
EndProject
Project("{FAE04EC0-301F-11D3-BF4B-00C04F79EFBC}") = "DotnetAcademy.GenericsCollectionsExceptionsDemo.Tests", "tests\02-csharp-core\05-generics-collections-and-exceptions\DotnetAcademy.GenericsCollectionsExceptionsDemo.Tests\DotnetAcademy.GenericsCollectionsExceptionsDemo.Tests.csproj", "{FFCB008E-AF2F-47F9-B720-5B653F9E703C}"
EndProject
Project("{2150E333-8FDC-42A3-9474-1A3956D46DE8}") = "06-lambdas-delegates-events-and-pattern-matching", "06-lambdas-delegates-events-and-pattern-matching", "{5A9AFE86-A9C7-6986-1733-7EFB4210EB2B}"
EndProject
Project("{FAE04EC0-301F-11D3-BF4B-00C04F79EFBC}") = "DotnetAcademy.LambdasDelegatesEventsPatternMatchingDemo", "src\02-csharp-core\06-lambdas-delegates-events-and-pattern-matching\DotnetAcademy.LambdasDelegatesEventsPatternMatchingDemo\DotnetAcademy.LambdasDelegatesEventsPatternMatchingDemo.csproj", "{58056A60-AC76-4806-B09F-CAED7293C720}"
EndProject
Project("{2150E333-8FDC-42A3-9474-1A3956D46DE8}") = "06-lambdas-delegates-events-and-pattern-matching", "06-lambdas-delegates-events-and-pattern-matching", "{83EA3501-30C7-6CEC-87DB-62C1C5D33F54}"
EndProject
Project("{FAE04EC0-301F-11D3-BF4B-00C04F79EFBC}") = "DotnetAcademy.LambdasDelegatesEventsPatternMatchingDemo.Tests", "tests\02-csharp-core\06-lambdas-delegates-events-and-pattern-matching\DotnetAcademy.LambdasDelegatesEventsPatternMatchingDemo.Tests\DotnetAcademy.LambdasDelegatesEventsPatternMatchingDemo.Tests.csproj", "{5EF6E9BD-2E43-4F26-9BB9-F294EDFCA2E9}"
EndProject
Global
	GlobalSection(SolutionConfigurationPlatforms) = preSolution
		Debug|Any CPU = Debug|Any CPU
		Debug|x64 = Debug|x64
		Debug|x86 = Debug|x86
		Release|Any CPU = Release|Any CPU
		Release|x64 = Release|x64
		Release|x86 = Release|x86
	EndGlobalSection
	GlobalSection(ProjectConfigurationPlatforms) = postSolution
		{9900DB37-0C53-2DB6-CFC4-B34421C1A368}.Debug|Any CPU.ActiveCfg = Debug|Any CPU
		{9900DB37-0C53-2DB6-CFC4-B34421C1A368}.Debug|Any CPU.Build.0 = Debug|Any CPU
		{9900DB37-0C53-2DB6-CFC4-B34421C1A368}.Debug|x64.ActiveCfg = Debug|Any CPU
		{9900DB37-0C53-2DB6-CFC4-B34421C1A368}.Debug|x64.Build.0 = Debug|Any CPU
		{9900DB37-0C53-2DB6-CFC4-B34421C1A368}.Debug|x86.ActiveCfg = Debug|Any CPU
		{9900DB37-0C53-2DB6-CFC4-B34421C1A368}.Debug|x86.Build.0 = Debug|Any CPU
		{9900DB37-0C53-2DB6-CFC4-B34421C1A368}.Release|Any CPU.ActiveCfg = Release|Any CPU
		{9900DB37-0C53-2DB6-CFC4-B34421C1A368}.Release|Any CPU.Build.0 = Release|Any CPU
		{9900DB37-0C53-2DB6-CFC4-B34421C1A368}.Release|x64.ActiveCfg = Release|Any CPU
		{9900DB37-0C53-2DB6-CFC4-B34421C1A368}.Release|x64.Build.0 = Release|Any CPU
		{9900DB37-0C53-2DB6-CFC4-B34421C1A368}.Release|x86.ActiveCfg = Release|Any CPU
		{9900DB37-0C53-2DB6-CFC4-B34421C1A368}.Release|x86.Build.0 = Release|Any CPU
		{666EDC38-28ED-485A-9990-1CCCDDF9B4B9}.Debug|Any CPU.ActiveCfg = Debug|Any CPU
		{666EDC38-28ED-485A-9990-1CCCDDF9B4B9}.Debug|Any CPU.Build.0 = Debug|Any CPU
		{666EDC38-28ED-485A-9990-1CCCDDF9B4B9}.Debug|x64.ActiveCfg = Debug|Any CPU
		{666EDC38-28ED-485A-9990-1CCCDDF9B4B9}.Debug|x64.Build.0 = Debug|Any CPU
		{666EDC38-28ED-485A-9990-1CCCDDF9B4B9}.Debug|x86.ActiveCfg = Debug|Any CPU
		{666EDC38-28ED-485A-9990-1CCCDDF9B4B9}.Debug|x86.Build.0 = Debug|Any CPU
		{666EDC38-28ED-485A-9990-1CCCDDF9B4B9}.Release|Any CPU.ActiveCfg = Release|Any CPU
		{666EDC38-28ED-485A-9990-1CCCDDF9B4B9}.Release|Any CPU.Build.0 = Release|Any CPU
		{666EDC38-28ED-485A-9990-1CCCDDF9B4B9}.Release|x64.ActiveCfg = Release|Any CPU
		{666EDC38-28ED-485A-9990-1CCCDDF9B4B9}.Release|x64.Build.0 = Release|Any CPU
		{666EDC38-28ED-485A-9990-1CCCDDF9B4B9}.Release|x86.ActiveCfg = Release|Any CPU
		{666EDC38-28ED-485A-9990-1CCCDDF9B4B9}.Release|x86.Build.0 = Release|Any CPU
		{733F6E19-37C4-47A0-923A-D2ACD5FA9768}.Debug|Any CPU.ActiveCfg = Debug|Any CPU
		{733F6E19-37C4-47A0-923A-D2ACD5FA9768}.Debug|Any CPU.Build.0 = Debug|Any CPU
		{733F6E19-37C4-47A0-923A-D2ACD5FA9768}.Debug|x64.ActiveCfg = Debug|Any CPU
		{733F6E19-37C4-47A0-923A-D2ACD5FA9768}.Debug|x64.Build.0 = Debug|Any CPU
		{733F6E19-37C4-47A0-923A-D2ACD5FA9768}.Debug|x86.ActiveCfg = Debug|Any CPU
		{733F6E19-37C4-47A0-923A-D2ACD5FA9768}.Debug|x86.Build.0 = Debug|Any CPU
		{733F6E19-37C4-47A0-923A-D2ACD5FA9768}.Release|Any CPU.ActiveCfg = Release|Any CPU
		{733F6E19-37C4-47A0-923A-D2ACD5FA9768}.Release|Any CPU.Build.0 = Release|Any CPU
		{733F6E19-37C4-47A0-923A-D2ACD5FA9768}.Release|x64.ActiveCfg = Release|Any CPU
		{733F6E19-37C4-47A0-923A-D2ACD5FA9768}.Release|x64.Build.0 = Release|Any CPU
		{733F6E19-37C4-47A0-923A-D2ACD5FA9768}.Release|x86.ActiveCfg = Release|Any CPU
		{733F6E19-37C4-47A0-923A-D2ACD5FA9768}.Release|x86.Build.0 = Release|Any CPU
		{F4968831-6566-4D9A-8464-717111946296}.Debug|Any CPU.ActiveCfg = Debug|Any CPU
		{F4968831-6566-4D9A-8464-717111946296}.Debug|Any CPU.Build.0 = Debug|Any CPU
		{F4968831-6566-4D9A-8464-717111946296}.Debug|x64.ActiveCfg = Debug|Any CPU
		{F4968831-6566-4D9A-8464-717111946296}.Debug|x64.Build.0 = Debug|Any CPU
		{F4968831-6566-4D9A-8464-717111946296}.Debug|x86.ActiveCfg = Debug|Any CPU
		{F4968831-6566-4D9A-8464-717111946296}.Debug|x86.Build.0 = Debug|Any CPU
		{F4968831-6566-4D9A-8464-717111946296}.Release|Any CPU.ActiveCfg = Release|Any CPU
		{F4968831-6566-4D9A-8464-717111946296}.Release|Any CPU.Build.0 = Release|Any CPU
		{F4968831-6566-4D9A-8464-717111946296}.Release|x64.ActiveCfg = Release|Any CPU
		{F4968831-6566-4D9A-8464-717111946296}.Release|x64.Build.0 = Release|Any CPU
		{F4968831-6566-4D9A-8464-717111946296}.Release|x86.ActiveCfg = Release|Any CPU
		{F4968831-6566-4D9A-8464-717111946296}.Release|x86.Build.0 = Release|Any CPU
		{1F7DE59C-98DD-4FE1-8FBF-BBFB422274E5}.Debug|Any CPU.ActiveCfg = Debug|Any CPU
		{1F7DE59C-98DD-4FE1-8FBF-BBFB422274E5}.Debug|Any CPU.Build.0 = Debug|Any CPU
		{1F7DE59C-98DD-4FE1-8FBF-BBFB422274E5}.Debug|x64.ActiveCfg = Debug|Any CPU
		{1F7DE59C-98DD-4FE1-8FBF-BBFB422274E5}.Debug|x64.Build.0 = Debug|Any CPU
		{1F7DE59C-98DD-4FE1-8FBF-BBFB422274E5}.Debug|x86.ActiveCfg = Debug|Any CPU
		{1F7DE59C-98DD-4FE1-8FBF-BBFB422274E5}.Debug|x86.Build.0 = Debug|Any CPU
		{1F7DE59C-98DD-4FE1-8FBF-BBFB422274E5}.Release|Any CPU.ActiveCfg = Release|Any CPU
		{1F7DE59C-98DD-4FE1-8FBF-BBFB422274E5}.Release|Any CPU.Build.0 = Release|Any CPU
		{1F7DE59C-98DD-4FE1-8FBF-BBFB422274E5}.Release|x64.ActiveCfg = Release|Any CPU
		{1F7DE59C-98DD-4FE1-8FBF-BBFB422274E5}.Release|x64.Build.0 = Release|Any CPU
		{1F7DE59C-98DD-4FE1-8FBF-BBFB422274E5}.Release|x86.ActiveCfg = Release|Any CPU
		{1F7DE59C-98DD-4FE1-8FBF-BBFB422274E5}.Release|x86.Build.0 = Release|Any CPU
		{4607C806-EAEB-476C-B234-84C0FD532821}.Debug|Any CPU.ActiveCfg = Debug|Any CPU
		{4607C806-EAEB-476C-B234-84C0FD532821}.Debug|Any CPU.Build.0 = Debug|Any CPU
		{4607C806-EAEB-476C-B234-84C0FD532821}.Debug|x64.ActiveCfg = Debug|Any CPU
		{4607C806-EAEB-476C-B234-84C0FD532821}.Debug|x64.Build.0 = Debug|Any CPU
		{4607C806-EAEB-476C-B234-84C0FD532821}.Debug|x86.ActiveCfg = Debug|Any CPU
		{4607C806-EAEB-476C-B234-84C0FD532821}.Debug|x86.Build.0 = Debug|Any CPU
		{4607C806-EAEB-476C-B234-84C0FD532821}.Release|Any CPU.ActiveCfg = Release|Any CPU
		{4607C806-EAEB-476C-B234-84C0FD532821}.Release|Any CPU.Build.0 = Release|Any CPU
		{4607C806-EAEB-476C-B234-84C0FD532821}.Release|x64.ActiveCfg = Release|Any CPU
		{4607C806-EAEB-476C-B234-84C0FD532821}.Release|x64.Build.0 = Release|Any CPU
		{4607C806-EAEB-476C-B234-84C0FD532821}.Release|x86.ActiveCfg = Release|Any CPU
		{4607C806-EAEB-476C-B234-84C0FD532821}.Release|x86.Build.0 = Release|Any CPU
		{4B06B7AC-2C87-42A6-B514-B64FAB6D2E9D}.Debug|Any CPU.ActiveCfg = Debug|Any CPU
		{4B06B7AC-2C87-42A6-B514-B64FAB6D2E9D}.Debug|Any CPU.Build.0 = Debug|Any CPU
		{4B06B7AC-2C87-42A6-B514-B64FAB6D2E9D}.Debug|x64.ActiveCfg = Debug|Any CPU
		{4B06B7AC-2C87-42A6-B514-B64FAB6D2E9D}.Debug|x64.Build.0 = Debug|Any CPU
		{4B06B7AC-2C87-42A6-B514-B64FAB6D2E9D}.Debug|x86.ActiveCfg = Debug|Any CPU
		{4B06B7AC-2C87-42A6-B514-B64FAB6D2E9D}.Debug|x86.Build.0 = Debug|Any CPU
		{4B06B7AC-2C87-42A6-B514-B64FAB6D2E9D}.Release|Any CPU.ActiveCfg = Release|Any CPU
		{4B06B7AC-2C87-42A6-B514-B64FAB6D2E9D}.Release|Any CPU.Build.0 = Release|Any CPU
		{4B06B7AC-2C87-42A6-B514-B64FAB6D2E9D}.Release|x64.ActiveCfg = Release|Any CPU
		{4B06B7AC-2C87-42A6-B514-B64FAB6D2E9D}.Release|x64.Build.0 = Release|Any CPU
		{4B06B7AC-2C87-42A6-B514-B64FAB6D2E9D}.Release|x86.ActiveCfg = Release|Any CPU
		{4B06B7AC-2C87-42A6-B514-B64FAB6D2E9D}.Release|x86.Build.0 = Release|Any CPU
		{80AC57F1-FE13-4894-B1EB-C7854BAD726D}.Debug|Any CPU.ActiveCfg = Debug|Any CPU
		{80AC57F1-FE13-4894-B1EB-C7854BAD726D}.Debug|Any CPU.Build.0 = Debug|Any CPU
		{80AC57F1-FE13-4894-B1EB-C7854BAD726D}.Debug|x64.ActiveCfg = Debug|Any CPU
		{80AC57F1-FE13-4894-B1EB-C7854BAD726D}.Debug|x64.Build.0 = Debug|Any CPU
		{80AC57F1-FE13-4894-B1EB-C7854BAD726D}.Debug|x86.ActiveCfg = Debug|Any CPU
		{80AC57F1-FE13-4894-B1EB-C7854BAD726D}.Debug|x86.Build.0 = Debug|Any CPU
		{80AC57F1-FE13-4894-B1EB-C7854BAD726D}.Release|Any CPU.ActiveCfg = Release|Any CPU
		{80AC57F1-FE13-4894-B1EB-C7854BAD726D}.Release|Any CPU.Build.0 = Release|Any CPU
		{80AC57F1-FE13-4894-B1EB-C7854BAD726D}.Release|x64.ActiveCfg = Release|Any CPU
		{80AC57F1-FE13-4894-B1EB-C7854BAD726D}.Release|x64.Build.0 = Release|Any CPU
		{80AC57F1-FE13-4894-B1EB-C7854BAD726D}.Release|x86.ActiveCfg = Release|Any CPU
		{80AC57F1-FE13-4894-B1EB-C7854BAD726D}.Release|x86.Build.0 = Release|Any CPU
		{DDFCB745-CB5D-4D7C-A8DC-F89F5695499C}.Debug|Any CPU.ActiveCfg = Debug|Any CPU
		{DDFCB745-CB5D-4D7C-A8DC-F89F5695499C}.Debug|Any CPU.Build.0 = Debug|Any CPU
		{DDFCB745-CB5D-4D7C-A8DC-F89F5695499C}.Debug|x64.ActiveCfg = Debug|Any CPU
		{DDFCB745-CB5D-4D7C-A8DC-F89F5695499C}.Debug|x64.Build.0 = Debug|Any CPU
		{DDFCB745-CB5D-4D7C-A8DC-F89F5695499C}.Debug|x86.ActiveCfg = Debug|Any CPU
		{DDFCB745-CB5D-4D7C-A8DC-F89F5695499C}.Debug|x86.Build.0 = Debug|Any CPU
		{DDFCB745-CB5D-4D7C-A8DC-F89F5695499C}.Release|Any CPU.ActiveCfg = Release|Any CPU
		{DDFCB745-CB5D-4D7C-A8DC-F89F5695499C}.Release|Any CPU.Build.0 = Release|Any CPU
		{DDFCB745-CB5D-4D7C-A8DC-F89F5695499C}.Release|x64.ActiveCfg = Release|Any CPU
		{DDFCB745-CB5D-4D7C-A8DC-F89F5695499C}.Release|x64.Build.0 = Release|Any CPU
		{DDFCB745-CB5D-4D7C-A8DC-F89F5695499C}.Release|x86.ActiveCfg = Release|Any CPU
		{DDFCB745-CB5D-4D7C-A8DC-F89F5695499C}.Release|x86.Build.0 = Release|Any CPU
		{CA5A8D1A-3B45-425B-B09B-0A0D58F372F9}.Debug|Any CPU.ActiveCfg = Debug|Any CPU
		{CA5A8D1A-3B45-425B-B09B-0A0D58F372F9}.Debug|Any CPU.Build.0 = Debug|Any CPU
		{CA5A8D1A-3B45-425B-B09B-0A0D58F372F9}.Debug|x64.ActiveCfg = Debug|Any CPU
		{CA5A8D1A-3B45-425B-B09B-0A0D58F372F9}.Debug|x64.Build.0 = Debug|Any CPU
		{CA5A8D1A-3B45-425B-B09B-0A0D58F372F9}.Debug|x86.ActiveCfg = Debug|Any CPU
		{CA5A8D1A-3B45-425B-B09B-0A0D58F372F9}.Debug|x86.Build.0 = Debug|Any CPU
		{CA5A8D1A-3B45-425B-B09B-0A0D58F372F9}.Release|Any CPU.ActiveCfg = Release|Any CPU
		{CA5A8D1A-3B45-425B-B09B-0A0D58F372F9}.Release|Any CPU.Build.0 = Release|Any CPU
		{CA5A8D1A-3B45-425B-B09B-0A0D58F372F9}.Release|x64.ActiveCfg = Release|Any CPU
		{CA5A8D1A-3B45-425B-B09B-0A0D58F372F9}.Release|x64.Build.0 = Release|Any CPU
		{CA5A8D1A-3B45-425B-B09B-0A0D58F372F9}.Release|x86.ActiveCfg = Release|Any CPU
		{CA5A8D1A-3B45-425B-B09B-0A0D58F372F9}.Release|x86.Build.0 = Release|Any CPU
		{B25D7F03-157C-46E0-B477-E48A51AA513B}.Debug|Any CPU.ActiveCfg = Debug|Any CPU
		{B25D7F03-157C-46E0-B477-E48A51AA513B}.Debug|Any CPU.Build.0 = Debug|Any CPU
		{B25D7F03-157C-46E0-B477-E48A51AA513B}.Debug|x64.ActiveCfg = Debug|Any CPU
		{B25D7F03-157C-46E0-B477-E48A51AA513B}.Debug|x64.Build.0 = Debug|Any CPU
		{B25D7F03-157C-46E0-B477-E48A51AA513B}.Debug|x86.ActiveCfg = Debug|Any CPU
		{B25D7F03-157C-46E0-B477-E48A51AA513B}.Debug|x86.Build.0 = Debug|Any CPU
		{B25D7F03-157C-46E0-B477-E48A51AA513B}.Release|Any CPU.ActiveCfg = Release|Any CPU
		{B25D7F03-157C-46E0-B477-E48A51AA513B}.Release|Any CPU.Build.0 = Release|Any CPU
		{B25D7F03-157C-46E0-B477-E48A51AA513B}.Release|x64.ActiveCfg = Release|Any CPU
		{B25D7F03-157C-46E0-B477-E48A51AA513B}.Release|x64.Build.0 = Release|Any CPU
		{B25D7F03-157C-46E0-B477-E48A51AA513B}.Release|x86.ActiveCfg = Release|Any CPU
		{B25D7F03-157C-46E0-B477-E48A51AA513B}.Release|x86.Build.0 = Release|Any CPU
		{239F8250-FBAC-42E8-B1D2-E0B39D570530}.Debug|Any CPU.ActiveCfg = Debug|Any CPU
		{239F8250-FBAC-42E8-B1D2-E0B39D570530}.Debug|Any CPU.Build.0 = Debug|Any CPU
		{239F8250-FBAC-42E8-B1D2-E0B39D570530}.Debug|x64.ActiveCfg = Debug|Any CPU
		{239F8250-FBAC-42E8-B1D2-E0B39D570530}.Debug|x64.Build.0 = Debug|Any CPU
		{239F8250-FBAC-42E8-B1D2-E0B39D570530}.Debug|x86.ActiveCfg = Debug|Any CPU
		{239F8250-FBAC-42E8-B1D2-E0B39D570530}.Debug|x86.Build.0 = Debug|Any CPU
		{239F8250-FBAC-42E8-B1D2-E0B39D570530}.Release|Any CPU.ActiveCfg = Release|Any CPU
		{239F8250-FBAC-42E8-B1D2-E0B39D570530}.Release|Any CPU.Build.0 = Release|Any CPU
		{239F8250-FBAC-42E8-B1D2-E0B39D570530}.Release|x64.ActiveCfg = Release|Any CPU
		{239F8250-FBAC-42E8-B1D2-E0B39D570530}.Release|x64.Build.0 = Release|Any CPU
		{239F8250-FBAC-42E8-B1D2-E0B39D570530}.Release|x86.ActiveCfg = Release|Any CPU
		{239F8250-FBAC-42E8-B1D2-E0B39D570530}.Release|x86.Build.0 = Release|Any CPU
		{BF596C1E-8A21-4EE4-8781-FE86A7C79DE3}.Debug|Any CPU.ActiveCfg = Debug|Any CPU
		{BF596C1E-8A21-4EE4-8781-FE86A7C79DE3}.Debug|Any CPU.Build.0 = Debug|Any CPU
		{BF596C1E-8A21-4EE4-8781-FE86A7C79DE3}.Debug|x64.ActiveCfg = Debug|Any CPU
		{BF596C1E-8A21-4EE4-8781-FE86A7C79DE3}.Debug|x64.Build.0 = Debug|Any CPU
		{BF596C1E-8A21-4EE4-8781-FE86A7C79DE3}.Debug|x86.ActiveCfg = Debug|Any CPU
		{BF596C1E-8A21-4EE4-8781-FE86A7C79DE3}.Debug|x86.Build.0 = Debug|Any CPU
		{BF596C1E-8A21-4EE4-8781-FE86A7C79DE3}.Release|Any CPU.ActiveCfg = Release|Any CPU
		{BF596C1E-8A21-4EE4-8781-FE86A7C79DE3}.Release|Any CPU.Build.0 = Release|Any CPU
		{BF596C1E-8A21-4EE4-8781-FE86A7C79DE3}.Release|x64.ActiveCfg = Release|Any CPU
		{BF596C1E-8A21-4EE4-8781-FE86A7C79DE3}.Release|x64.Build.0 = Release|Any CPU
		{BF596C1E-8A21-4EE4-8781-FE86A7C79DE3}.Release|x86.ActiveCfg = Release|Any CPU
		{BF596C1E-8A21-4EE4-8781-FE86A7C79DE3}.Release|x86.Build.0 = Release|Any CPU
		{EF45CDBA-A8BA-4B06-806A-49FC37135D36}.Debug|Any CPU.ActiveCfg = Debug|Any CPU
		{EF45CDBA-A8BA-4B06-806A-49FC37135D36}.Debug|Any CPU.Build.0 = Debug|Any CPU
		{EF45CDBA-A8BA-4B06-806A-49FC37135D36}.Debug|x64.ActiveCfg = Debug|Any CPU
		{EF45CDBA-A8BA-4B06-806A-49FC37135D36}.Debug|x64.Build.0 = Debug|Any CPU
		{EF45CDBA-A8BA-4B06-806A-49FC37135D36}.Debug|x86.ActiveCfg = Debug|Any CPU
		{EF45CDBA-A8BA-4B06-806A-49FC37135D36}.Debug|x86.Build.0 = Debug|Any CPU
		{EF45CDBA-A8BA-4B06-806A-49FC37135D36}.Release|Any CPU.ActiveCfg = Release|Any CPU
		{EF45CDBA-A8BA-4B06-806A-49FC37135D36}.Release|Any CPU.Build.0 = Release|Any CPU
		{EF45CDBA-A8BA-4B06-806A-49FC37135D36}.Release|x64.ActiveCfg = Release|Any CPU
		{EF45CDBA-A8BA-4B06-806A-49FC37135D36}.Release|x64.Build.0 = Release|Any CPU
		{EF45CDBA-A8BA-4B06-806A-49FC37135D36}.Release|x86.ActiveCfg = Release|Any CPU
		{EF45CDBA-A8BA-4B06-806A-49FC37135D36}.Release|x86.Build.0 = Release|Any CPU
		{25DC9D5E-19AD-4C70-930A-3A3A9F614D6E}.Debug|Any CPU.ActiveCfg = Debug|Any CPU
		{25DC9D5E-19AD-4C70-930A-3A3A9F614D6E}.Debug|Any CPU.Build.0 = Debug|Any CPU
		{25DC9D5E-19AD-4C70-930A-3A3A9F614D6E}.Debug|x64.ActiveCfg = Debug|Any CPU
		{25DC9D5E-19AD-4C70-930A-3A3A9F614D6E}.Debug|x64.Build.0 = Debug|Any CPU
		{25DC9D5E-19AD-4C70-930A-3A3A9F614D6E}.Debug|x86.ActiveCfg = Debug|Any CPU
		{25DC9D5E-19AD-4C70-930A-3A3A9F614D6E}.Debug|x86.Build.0 = Debug|Any CPU
		{25DC9D5E-19AD-4C70-930A-3A3A9F614D6E}.Release|Any CPU.ActiveCfg = Release|Any CPU
		{25DC9D5E-19AD-4C70-930A-3A3A9F614D6E}.Release|Any CPU.Build.0 = Release|Any CPU
		{25DC9D5E-19AD-4C70-930A-3A3A9F614D6E}.Release|x64.ActiveCfg = Release|Any CPU
		{25DC9D5E-19AD-4C70-930A-3A3A9F614D6E}.Release|x64.Build.0 = Release|Any CPU
		{25DC9D5E-19AD-4C70-930A-3A3A9F614D6E}.Release|x86.ActiveCfg = Release|Any CPU
		{25DC9D5E-19AD-4C70-930A-3A3A9F614D6E}.Release|x86.Build.0 = Release|Any CPU
		{698A8C6B-0787-49D9-A6CB-F919BB4015D7}.Debug|Any CPU.ActiveCfg = Debug|Any CPU
		{698A8C6B-0787-49D9-A6CB-F919BB4015D7}.Debug|Any CPU.Build.0 = Debug|Any CPU
		{698A8C6B-0787-49D9-A6CB-F919BB4015D7}.Debug|x64.ActiveCfg = Debug|Any CPU
		{698A8C6B-0787-49D9-A6CB-F919BB4015D7}.Debug|x64.Build.0 = Debug|Any CPU
		{698A8C6B-0787-49D9-A6CB-F919BB4015D7}.Debug|x86.ActiveCfg = Debug|Any CPU
		{698A8C6B-0787-49D9-A6CB-F919BB4015D7}.Debug|x86.Build.0 = Debug|Any CPU
		{698A8C6B-0787-49D9-A6CB-F919BB4015D7}.Release|Any CPU.ActiveCfg = Release|Any CPU
		{698A8C6B-0787-49D9-A6CB-F919BB4015D7}.Release|Any CPU.Build.0 = Release|Any CPU
		{698A8C6B-0787-49D9-A6CB-F919BB4015D7}.Release|x64.ActiveCfg = Release|Any CPU
		{698A8C6B-0787-49D9-A6CB-F919BB4015D7}.Release|x64.Build.0 = Release|Any CPU
		{698A8C6B-0787-49D9-A6CB-F919BB4015D7}.Release|x86.ActiveCfg = Release|Any CPU
		{698A8C6B-0787-49D9-A6CB-F919BB4015D7}.Release|x86.Build.0 = Release|Any CPU
		{9D132B91-AE8B-4740-BCAF-DB9E5E5C866A}.Debug|Any CPU.ActiveCfg = Debug|Any CPU
		{9D132B91-AE8B-4740-BCAF-DB9E5E5C866A}.Debug|Any CPU.Build.0 = Debug|Any CPU
		{9D132B91-AE8B-4740-BCAF-DB9E5E5C866A}.Debug|x64.ActiveCfg = Debug|Any CPU
		{9D132B91-AE8B-4740-BCAF-DB9E5E5C866A}.Debug|x64.Build.0 = Debug|Any CPU
		{9D132B91-AE8B-4740-BCAF-DB9E5E5C866A}.Debug|x86.ActiveCfg = Debug|Any CPU
		{9D132B91-AE8B-4740-BCAF-DB9E5E5C866A}.Debug|x86.Build.0 = Debug|Any CPU
		{9D132B91-AE8B-4740-BCAF-DB9E5E5C866A}.Release|Any CPU.ActiveCfg = Release|Any CPU
		{9D132B91-AE8B-4740-BCAF-DB9E5E5C866A}.Release|Any CPU.Build.0 = Release|Any CPU
		{9D132B91-AE8B-4740-BCAF-DB9E5E5C866A}.Release|x64.ActiveCfg = Release|Any CPU
		{9D132B91-AE8B-4740-BCAF-DB9E5E5C866A}.Release|x64.Build.0 = Release|Any CPU
		{9D132B91-AE8B-4740-BCAF-DB9E5E5C866A}.Release|x86.ActiveCfg = Release|Any CPU
		{9D132B91-AE8B-4740-BCAF-DB9E5E5C866A}.Release|x86.Build.0 = Release|Any CPU
		{224E05E5-A3D7-4395-BB83-2D37640F1EA7}.Debug|Any CPU.ActiveCfg = Debug|Any CPU
		{224E05E5-A3D7-4395-BB83-2D37640F1EA7}.Debug|Any CPU.Build.0 = Debug|Any CPU
		{224E05E5-A3D7-4395-BB83-2D37640F1EA7}.Debug|x64.ActiveCfg = Debug|Any CPU
		{224E05E5-A3D7-4395-BB83-2D37640F1EA7}.Debug|x64.Build.0 = Debug|Any CPU
		{224E05E5-A3D7-4395-BB83-2D37640F1EA7}.Debug|x86.ActiveCfg = Debug|Any CPU
		{224E05E5-A3D7-4395-BB83-2D37640F1EA7}.Debug|x86.Build.0 = Debug|Any CPU
		{224E05E5-A3D7-4395-BB83-2D37640F1EA7}.Release|Any CPU.ActiveCfg = Release|Any CPU
		{224E05E5-A3D7-4395-BB83-2D37640F1EA7}.Release|Any CPU.Build.0 = Release|Any CPU
		{224E05E5-A3D7-4395-BB83-2D37640F1EA7}.Release|x64.ActiveCfg = Release|Any CPU
		{224E05E5-A3D7-4395-BB83-2D37640F1EA7}.Release|x64.Build.0 = Release|Any CPU
		{224E05E5-A3D7-4395-BB83-2D37640F1EA7}.Release|x86.ActiveCfg = Release|Any CPU
		{224E05E5-A3D7-4395-BB83-2D37640F1EA7}.Release|x86.Build.0 = Release|Any CPU
		{427F9B34-63FD-4400-9E3E-3434C568CE82}.Debug|Any CPU.ActiveCfg = Debug|Any CPU
		{427F9B34-63FD-4400-9E3E-3434C568CE82}.Debug|Any CPU.Build.0 = Debug|Any CPU
		{427F9B34-63FD-4400-9E3E-3434C568CE82}.Debug|x64.ActiveCfg = Debug|Any CPU
		{427F9B34-63FD-4400-9E3E-3434C568CE82}.Debug|x64.Build.0 = Debug|Any CPU
		{427F9B34-63FD-4400-9E3E-3434C568CE82}.Debug|x86.ActiveCfg = Debug|Any CPU
		{427F9B34-63FD-4400-9E3E-3434C568CE82}.Debug|x86.Build.0 = Debug|Any CPU
		{427F9B34-63FD-4400-9E3E-3434C568CE82}.Release|Any CPU.ActiveCfg = Release|Any CPU
		{427F9B34-63FD-4400-9E3E-3434C568CE82}.Release|Any CPU.Build.0 = Release|Any CPU
		{427F9B34-63FD-4400-9E3E-3434C568CE82}.Release|x64.ActiveCfg = Release|Any CPU
		{427F9B34-63FD-4400-9E3E-3434C568CE82}.Release|x64.Build.0 = Release|Any CPU
		{427F9B34-63FD-4400-9E3E-3434C568CE82}.Release|x86.ActiveCfg = Release|Any CPU
		{427F9B34-63FD-4400-9E3E-3434C568CE82}.Release|x86.Build.0 = Release|Any CPU
		{EB9A6879-AA34-4412-B5C0-13A630E09B17}.Debug|Any CPU.ActiveCfg = Debug|Any CPU
		{EB9A6879-AA34-4412-B5C0-13A630E09B17}.Debug|Any CPU.Build.0 = Debug|Any CPU
		{EB9A6879-AA34-4412-B5C0-13A630E09B17}.Debug|x64.ActiveCfg = Debug|Any CPU
		{EB9A6879-AA34-4412-B5C0-13A630E09B17}.Debug|x64.Build.0 = Debug|Any CPU
		{EB9A6879-AA34-4412-B5C0-13A630E09B17}.Debug|x86.ActiveCfg = Debug|Any CPU
		{EB9A6879-AA34-4412-B5C0-13A630E09B17}.Debug|x86.Build.0 = Debug|Any CPU
		{EB9A6879-AA34-4412-B5C0-13A630E09B17}.Release|Any CPU.ActiveCfg = Release|Any CPU
		{EB9A6879-AA34-4412-B5C0-13A630E09B17}.Release|Any CPU.Build.0 = Release|Any CPU
		{EB9A6879-AA34-4412-B5C0-13A630E09B17}.Release|x64.ActiveCfg = Release|Any CPU
		{EB9A6879-AA34-4412-B5C0-13A630E09B17}.Release|x64.Build.0 = Release|Any CPU
		{EB9A6879-AA34-4412-B5C0-13A630E09B17}.Release|x86.ActiveCfg = Release|Any CPU
		{EB9A6879-AA34-4412-B5C0-13A630E09B17}.Release|x86.Build.0 = Release|Any CPU
		{64121D8D-D5FD-4664-87DE-DA7404923664}.Debug|Any CPU.ActiveCfg = Debug|Any CPU
		{64121D8D-D5FD-4664-87DE-DA7404923664}.Debug|Any CPU.Build.0 = Debug|Any CPU
		{64121D8D-D5FD-4664-87DE-DA7404923664}.Debug|x64.ActiveCfg = Debug|Any CPU
		{64121D8D-D5FD-4664-87DE-DA7404923664}.Debug|x64.Build.0 = Debug|Any CPU
		{64121D8D-D5FD-4664-87DE-DA7404923664}.Debug|x86.ActiveCfg = Debug|Any CPU
		{64121D8D-D5FD-4664-87DE-DA7404923664}.Debug|x86.Build.0 = Debug|Any CPU
		{64121D8D-D5FD-4664-87DE-DA7404923664}.Release|Any CPU.ActiveCfg = Release|Any CPU
		{64121D8D-D5FD-4664-87DE-DA7404923664}.Release|Any CPU.Build.0 = Release|Any CPU
		{64121D8D-D5FD-4664-87DE-DA7404923664}.Release|x64.ActiveCfg = Release|Any CPU
		{64121D8D-D5FD-4664-87DE-DA7404923664}.Release|x64.Build.0 = Release|Any CPU
		{64121D8D-D5FD-4664-87DE-DA7404923664}.Release|x86.ActiveCfg = Release|Any CPU
		{64121D8D-D5FD-4664-87DE-DA7404923664}.Release|x86.Build.0 = Release|Any CPU
		{FFCB008E-AF2F-47F9-B720-5B653F9E703C}.Debug|Any CPU.ActiveCfg = Debug|Any CPU
		{FFCB008E-AF2F-47F9-B720-5B653F9E703C}.Debug|Any CPU.Build.0 = Debug|Any CPU
		{FFCB008E-AF2F-47F9-B720-5B653F9E703C}.Debug|x64.ActiveCfg = Debug|Any CPU
		{FFCB008E-AF2F-47F9-B720-5B653F9E703C}.Debug|x64.Build.0 = Debug|Any CPU
		{FFCB008E-AF2F-47F9-B720-5B653F9E703C}.Debug|x86.ActiveCfg = Debug|Any CPU
		{FFCB008E-AF2F-47F9-B720-5B653F9E703C}.Debug|x86.Build.0 = Debug|Any CPU
		{FFCB008E-AF2F-47F9-B720-5B653F9E703C}.Release|Any CPU.ActiveCfg = Release|Any CPU
		{FFCB008E-AF2F-47F9-B720-5B653F9E703C}.Release|Any CPU.Build.0 = Release|Any CPU
		{FFCB008E-AF2F-47F9-B720-5B653F9E703C}.Release|x64.ActiveCfg = Release|Any CPU
		{FFCB008E-AF2F-47F9-B720-5B653F9E703C}.Release|x64.Build.0 = Release|Any CPU
		{FFCB008E-AF2F-47F9-B720-5B653F9E703C}.Release|x86.ActiveCfg = Release|Any CPU
		{FFCB008E-AF2F-47F9-B720-5B653F9E703C}.Release|x86.Build.0 = Release|Any CPU
		{58056A60-AC76-4806-B09F-CAED7293C720}.Debug|Any CPU.ActiveCfg = Debug|Any CPU
		{58056A60-AC76-4806-B09F-CAED7293C720}.Debug|Any CPU.Build.0 = Debug|Any CPU
		{58056A60-AC76-4806-B09F-CAED7293C720}.Debug|x64.ActiveCfg = Debug|Any CPU
		{58056A60-AC76-4806-B09F-CAED7293C720}.Debug|x64.Build.0 = Debug|Any CPU
		{58056A60-AC76-4806-B09F-CAED7293C720}.Debug|x86.ActiveCfg = Debug|Any CPU
		{58056A60-AC76-4806-B09F-CAED7293C720}.Debug|x86.Build.0 = Debug|Any CPU
		{58056A60-AC76-4806-B09F-CAED7293C720}.Release|Any CPU.ActiveCfg = Release|Any CPU
		{58056A60-AC76-4806-B09F-CAED7293C720}.Release|Any CPU.Build.0 = Release|Any CPU
		{58056A60-AC76-4806-B09F-CAED7293C720}.Release|x64.ActiveCfg = Release|Any CPU
		{58056A60-AC76-4806-B09F-CAED7293C720}.Release|x64.Build.0 = Release|Any CPU
		{58056A60-AC76-4806-B09F-CAED7293C720}.Release|x86.ActiveCfg = Release|Any CPU
		{58056A60-AC76-4806-B09F-CAED7293C720}.Release|x86.Build.0 = Release|Any CPU
		{5EF6E9BD-2E43-4F26-9BB9-F294EDFCA2E9}.Debug|Any CPU.ActiveCfg = Debug|Any CPU
		{5EF6E9BD-2E43-4F26-9BB9-F294EDFCA2E9}.Debug|Any CPU.Build.0 = Debug|Any CPU
		{5EF6E9BD-2E43-4F26-9BB9-F294EDFCA2E9}.Debug|x64.ActiveCfg = Debug|Any CPU
		{5EF6E9BD-2E43-4F26-9BB9-F294EDFCA2E9}.Debug|x64.Build.0 = Debug|Any CPU
		{5EF6E9BD-2E43-4F26-9BB9-F294EDFCA2E9}.Debug|x86.ActiveCfg = Debug|Any CPU
		{5EF6E9BD-2E43-4F26-9BB9-F294EDFCA2E9}.Debug|x86.Build.0 = Debug|Any CPU
		{5EF6E9BD-2E43-4F26-9BB9-F294EDFCA2E9}.Release|Any CPU.ActiveCfg = Release|Any CPU
		{5EF6E9BD-2E43-4F26-9BB9-F294EDFCA2E9}.Release|Any CPU.Build.0 = Release|Any CPU
		{5EF6E9BD-2E43-4F26-9BB9-F294EDFCA2E9}.Release|x64.ActiveCfg = Release|Any CPU
		{5EF6E9BD-2E43-4F26-9BB9-F294EDFCA2E9}.Release|x64.Build.0 = Release|Any CPU
		{5EF6E9BD-2E43-4F26-9BB9-F294EDFCA2E9}.Release|x86.ActiveCfg = Release|Any CPU
		{5EF6E9BD-2E43-4F26-9BB9-F294EDFCA2E9}.Release|x86.Build.0 = Release|Any CPU
	EndGlobalSection
	GlobalSection(SolutionProperties) = preSolution
		HideSolutionNode = FALSE
	EndGlobalSection
	GlobalSection(NestedProjects) = preSolution
		{09F55A60-2C22-37D5-405F-F92307257BDA} = {827E0CD3-B72D-47B6-A68D-7590B98EB39B}
		{68D1A365-E228-C1F0-3CB5-50101C18D27A} = {09F55A60-2C22-37D5-405F-F92307257BDA}
		{9900DB37-0C53-2DB6-CFC4-B34421C1A368} = {68D1A365-E228-C1F0-3CB5-50101C18D27A}
		{CC1FA4B5-2803-A465-376C-17E6D3227910} = {0AB3BF05-4346-4AA6-1389-037BE0695223}
		{B748D8F0-C49B-6669-17E7-A9A9F18E35E6} = {CC1FA4B5-2803-A465-376C-17E6D3227910}
		{666EDC38-28ED-485A-9990-1CCCDDF9B4B9} = {B748D8F0-C49B-6669-17E7-A9A9F18E35E6}
		{3DCC4A1B-4BE9-06B0-3AB2-480CB2481CF1} = {09F55A60-2C22-37D5-405F-F92307257BDA}
		{733F6E19-37C4-47A0-923A-D2ACD5FA9768} = {3DCC4A1B-4BE9-06B0-3AB2-480CB2481CF1}
		{3F16F954-9AF9-0833-65AA-B7A6FCBD2BE1} = {CC1FA4B5-2803-A465-376C-17E6D3227910}
		{F4968831-6566-4D9A-8464-717111946296} = {3F16F954-9AF9-0833-65AA-B7A6FCBD2BE1}
		{E3C9E87A-2918-68E5-6392-39339FFB1678} = {09F55A60-2C22-37D5-405F-F92307257BDA}
		{1F7DE59C-98DD-4FE1-8FBF-BBFB422274E5} = {E3C9E87A-2918-68E5-6392-39339FFB1678}
		{773A33BD-D2B2-5C00-0577-80015D27F707} = {CC1FA4B5-2803-A465-376C-17E6D3227910}
		{4607C806-EAEB-476C-B234-84C0FD532821} = {773A33BD-D2B2-5C00-0577-80015D27F707}
		{8145A5CB-2EE8-FAD9-A119-DA6ABD73DCC7} = {09F55A60-2C22-37D5-405F-F92307257BDA}
		{4B06B7AC-2C87-42A6-B514-B64FAB6D2E9D} = {8145A5CB-2EE8-FAD9-A119-DA6ABD73DCC7}
		{AF4B1D66-3A38-5FEC-3228-214E16A16117} = {CC1FA4B5-2803-A465-376C-17E6D3227910}
		{80AC57F1-FE13-4894-B1EB-C7854BAD726D} = {AF4B1D66-3A38-5FEC-3228-214E16A16117}
		{68C04A14-8D3B-6EE7-A98E-DDD361592E94} = {09F55A60-2C22-37D5-405F-F92307257BDA}
		{DDFCB745-CB5D-4D7C-A8DC-F89F5695499C} = {68C04A14-8D3B-6EE7-A98E-DDD361592E94}
		{D1FF0F8E-4024-5E38-7CEC-982FD5B5AADD} = {CC1FA4B5-2803-A465-376C-17E6D3227910}
		{CA5A8D1A-3B45-425B-B09B-0A0D58F372F9} = {D1FF0F8E-4024-5E38-7CEC-982FD5B5AADD}
		{7562CCAD-EDB9-4D18-E3A5-65DE7E6D0F79} = {908A2AE8-7277-8D33-5900-B70622523C2F}
		{4A4B652F-8388-9DE6-8427-E1BD1C816086} = {7562CCAD-EDB9-4D18-E3A5-65DE7E6D0F79}
		{B25D7F03-157C-46E0-B477-E48A51AA513B} = {4A4B652F-8388-9DE6-8427-E1BD1C816086}
		{9DB4D443-841E-536A-809C-8F6E30B043D6} = {CC1FA4B5-2803-A465-376C-17E6D3227910}
		{239F8250-FBAC-42E8-B1D2-E0B39D570530} = {9DB4D443-841E-536A-809C-8F6E30B043D6}
		{9436978B-0500-9AB4-B5B3-54521F12C59A} = {827E0CD3-B72D-47B6-A68D-7590B98EB39B}
		{EDED702E-8BDF-52C2-2052-9FB0A6304D23} = {9436978B-0500-9AB4-B5B3-54521F12C59A}
		{BF596C1E-8A21-4EE4-8781-FE86A7C79DE3} = {EDED702E-8BDF-52C2-2052-9FB0A6304D23}
		{05637657-7D44-8666-35DC-4229375EA4A8} = {0AB3BF05-4346-4AA6-1389-037BE0695223}
		{58AD3DE2-907D-D116-CC6F-13F98EE4487D} = {05637657-7D44-8666-35DC-4229375EA4A8}
		{EF45CDBA-A8BA-4B06-806A-49FC37135D36} = {58AD3DE2-907D-D116-CC6F-13F98EE4487D}
		{0D5FB0AB-8338-688E-4519-FADD8E557431} = {9436978B-0500-9AB4-B5B3-54521F12C59A}
		{25DC9D5E-19AD-4C70-930A-3A3A9F614D6E} = {0D5FB0AB-8338-688E-4519-FADD8E557431}
		{4D393AC0-10D1-1B79-650D-85EC7C5016B7} = {05637657-7D44-8666-35DC-4229375EA4A8}
		{698A8C6B-0787-49D9-A6CB-F919BB4015D7} = {4D393AC0-10D1-1B79-650D-85EC7C5016B7}
		{B060A98C-34B1-FEB1-1FD3-9F431D0AE3EF} = {9436978B-0500-9AB4-B5B3-54521F12C59A}
		{9D132B91-AE8B-4740-BCAF-DB9E5E5C866A} = {B060A98C-34B1-FEB1-1FD3-9F431D0AE3EF}
		{3C39FF42-0D80-D006-89AA-77BBCA85BDE5} = {05637657-7D44-8666-35DC-4229375EA4A8}
		{224E05E5-A3D7-4395-BB83-2D37640F1EA7} = {3C39FF42-0D80-D006-89AA-77BBCA85BDE5}
		{9AA9F946-A0E2-B6DE-1130-0B06930EF79A} = {9436978B-0500-9AB4-B5B3-54521F12C59A}
		{427F9B34-63FD-4400-9E3E-3434C568CE82} = {9AA9F946-A0E2-B6DE-1130-0B06930EF79A}
		{1BDD1689-8463-C5DF-4E35-9E419C97B853} = {05637657-7D44-8666-35DC-4229375EA4A8}
		{EB9A6879-AA34-4412-B5C0-13A630E09B17} = {1BDD1689-8463-C5DF-4E35-9E419C97B853}
		{9A51268F-E9D9-566B-4261-CB617D7C1691} = {9436978B-0500-9AB4-B5B3-54521F12C59A}
		{64121D8D-D5FD-4664-87DE-DA7404923664} = {9A51268F-E9D9-566B-4261-CB617D7C1691}
		{61FD3B9E-2B50-8630-B915-5E95D613FD5A} = {05637657-7D44-8666-35DC-4229375EA4A8}
		{FFCB008E-AF2F-47F9-B720-5B653F9E703C} = {61FD3B9E-2B50-8630-B915-5E95D613FD5A}
		{5A9AFE86-A9C7-6986-1733-7EFB4210EB2B} = {9436978B-0500-9AB4-B5B3-54521F12C59A}
		{58056A60-AC76-4806-B09F-CAED7293C720} = {5A9AFE86-A9C7-6986-1733-7EFB4210EB2B}
		{83EA3501-30C7-6CEC-87DB-62C1C5D33F54} = {05637657-7D44-8666-35DC-4229375EA4A8}
		{5EF6E9BD-2E43-4F26-9BB9-F294EDFCA2E9} = {83EA3501-30C7-6CEC-87DB-62C1C5D33F54}
	EndGlobalSection
	GlobalSection(ExtensibilityGlobals) = postSolution
		SolutionGuid = {5DB4AAAF-489E-4B19-9A74-9368F8A91E16}
	EndGlobalSection
EndGlobal
