
Microsoft Visual Studio Solution File, Format Version 12.00
# Visual Studio Version 17
VisualStudioVersion = 17.5.2.0
MinimumVisualStudioVersion = 10.0.40219.1
Project("{2150E333-8FDC-42A3-9474-1A3956D46DE8}") = "src", "src", "{827E0CD3-B72D-47B6-A68D-7590B98EB39B}"
EndProject
Project("{2150E333-8FDC-42A3-9474-1A3956D46DE8}") = "01-foundations", "01-foundations", "{09F55A60-2C22-37D5-405F-F92307257BDA}"
EndProject
Project("{2150E333-8FDC-42A3-9474-1A3956D46DE8}") = "01-development-environment-and-cli", "01-development-environment-and-cli", "{68D1A365-E228-C1F0-3CB5-50101C18D27A}"
EndProject
Project("{FAE04EC0-301F-11D3-BF4B-00C04F79EFBC}") = "DotnetAcademy.CliBasicsDemo", "src\01-foundations\01-development-environment-and-cli\DotnetAcademy.CliBasicsDemo\DotnetAcademy.CliBasicsDemo.csproj", "{9900DB37-0C53-2DB6-CFC4-B34421C1A368}"
EndProject
Project("{2150E333-8FDC-42A3-9474-1A3956D46DE8}") = "tests", "tests", "{0AB3BF05-4346-4AA6-1389-037BE0695223}"
EndProject
Project("{2150E333-8FDC-42A3-9474-1A3956D46DE8}") = "01-foundations", "01-foundations", "{CC1FA4B5-2803-A465-376C-17E6D3227910}"
EndProject
Project("{2150E333-8FDC-42A3-9474-1A3956D46DE8}") = "01-development-environment-and-cli", "01-development-environment-and-cli", "{B748D8F0-C49B-6669-17E7-A9A9F18E35E6}"
EndProject
Project("{FAE04EC0-301F-11D3-BF4B-00C04F79EFBC}") = "DotnetAcademy.CliBasicsDemo.Tests", "tests\01-foundations\01-development-environment-and-cli\DotnetAcademy.CliBasicsDemo.Tests\DotnetAcademy.CliBasicsDemo.Tests.csproj", "{666EDC38-28ED-485A-9990-1CCCDDF9B4B9}"
EndProject
Project("{2150E333-8FDC-42A3-9474-1A3956D46DE8}") = "02-first-console-application", "02-first-console-application", "{3DCC4A1B-4BE9-06B0-3AB2-480CB2481CF1}"
EndProject
Project("{FAE04EC0-301F-11D3-BF4B-00C04F79EFBC}") = "DotnetAcademy.FirstConsoleAppDemo", "src\01-foundations\02-first-console-application\DotnetAcademy.FirstConsoleAppDemo\DotnetAcademy.FirstConsoleAppDemo.csproj", "{733F6E19-37C4-47A0-923A-D2ACD5FA9768}"
EndProject
Project("{2150E333-8FDC-42A3-9474-1A3956D46DE8}") = "02-first-console-application", "02-first-console-application", "{3F16F954-9AF9-0833-65AA-B7A6FCBD2BE1}"
EndProject
Project("{FAE04EC0-301F-11D3-BF4B-00C04F79EFBC}") = "DotnetAcademy.FirstConsoleAppDemo.Tests", "tests\01-foundations\02-first-console-application\DotnetAcademy.FirstConsoleAppDemo.Tests\DotnetAcademy.FirstConsoleAppDemo.Tests.csproj", "{F4968831-6566-4D9A-8464-717111946296}"
EndProject
Project("{2150E333-8FDC-42A3-9474-1A3956D46DE8}") = "03-variables-types-and-conversions", "03-variables-types-and-conversions", "{E3C9E87A-2918-68E5-6392-39339FFB1678}"
EndProject
Project("{FAE04EC0-301F-11D3-BF4B-00C04F79EFBC}") = "DotnetAcademy.VariablesTypesDemo", "src\01-foundations\03-variables-types-and-conversions\DotnetAcademy.VariablesTypesDemo\DotnetAcademy.VariablesTypesDemo.csproj", "{1F7DE59C-98DD-4FE1-8FBF-BBFB422274E5}"
EndProject
Project("{2150E333-8FDC-42A3-9474-1A3956D46DE8}") = "03-variables-types-and-conversions", "03-variables-types-and-conversions", "{773A33BD-D2B2-5C00-0577-80015D27F707}"
EndProject
Project("{FAE04EC0-301F-11D3-BF4B-00C04F79EFBC}") = "DotnetAcademy.VariablesTypesDemo.Tests", "tests\01-foundations\03-variables-types-and-conversions\DotnetAcademy.VariablesTypesDemo.Tests\DotnetAcademy.VariablesTypesDemo.Tests.csproj", "{4607C806-EAEB-476C-B234-84C0FD532821}"
EndProject
Project("{2150E333-8FDC-42A3-9474-1A3956D46DE8}") = "04-control-flow-and-methods", "04-control-flow-and-methods", "{8145A5CB-2EE8-FAD9-A119-DA6ABD73DCC7}"
EndProject
Project("{FAE04EC0-301F-11D3-BF4B-00C04F79EFBC}") = "DotnetAcademy.ControlFlowMethodsDemo", "src\01-foundations\04-control-flow-and-methods\DotnetAcademy.ControlFlowMethodsDemo\DotnetAcademy.ControlFlowMethodsDemo.csproj", "{4B06B7AC-2C87-42A6-B514-B64FAB6D2E9D}"
EndProject
Project("{2150E333-8FDC-42A3-9474-1A3956D46DE8}") = "04-control-flow-and-methods", "04-control-flow-and-methods", "{AF4B1D66-3A38-5FEC-3228-214E16A16117}"
EndProject
Project("{FAE04EC0-301F-11D3-BF4B-00C04F79EFBC}") = "DotnetAcademy.ControlFlowMethodsDemo.Tests", "tests\01-foundations\04-control-flow-and-methods\DotnetAcademy.ControlFlowMethodsDemo.Tests\DotnetAcademy.ControlFlowMethodsDemo.Tests.csproj", "{80AC57F1-FE13-4894-B1EB-C7854BAD726D}"
EndProject
Project("{2150E333-8FDC-42A3-9474-1A3956D46DE8}") = "05-nullability-and-debugging-basics", "05-nullability-and-debugging-basics", "{68C04A14-8D3B-6EE7-A98E-DDD361592E94}"
EndProject
Project("{FAE04EC0-301F-11D3-BF4B-00C04F79EFBC}") = "DotnetAcademy.NullabilityDebuggingDemo", "src\01-foundations\05-nullability-and-debugging-basics\DotnetAcademy.NullabilityDebuggingDemo\DotnetAcademy.NullabilityDebuggingDemo.csproj", "{DDFCB745-CB5D-4D7C-A8DC-F89F5695499C}"
EndProject
Project("{2150E333-8FDC-42A3-9474-1A3956D46DE8}") = "05-nullability-and-debugging-basics", "05-nullability-and-debugging-basics", "{D1FF0F8E-4024-5E38-7CEC-982FD5B5AADD}"
EndProject
Project("{FAE04EC0-301F-11D3-BF4B-00C04F79EFBC}") = "DotnetAcademy.NullabilityDebuggingDemo.Tests", "tests\01-foundations\05-nullability-and-debugging-basics\DotnetAcademy.NullabilityDebuggingDemo.Tests\DotnetAcademy.NullabilityDebuggingDemo.Tests.csproj", "{CA5A8D1A-3B45-425B-B09B-0A0D58F372F9}"
EndProject
Project("{2150E333-8FDC-42A3-9474-1A3956D46DE8}") = "labs", "labs", "{908A2AE8-7277-8D33-5900-B70622523C2F}"
EndProject
Project("{2150E333-8FDC-42A3-9474-1A3956D46DE8}") = "01-foundations", "01-foundations", "{7562CCAD-EDB9-4D18-E3A5-65DE7E6D0F79}"
EndProject
Project("{2150E333-8FDC-42A3-9474-1A3956D46DE8}") = "06-study-session-planner-lab", "06-study-session-planner-lab", "{4A4B652F-8388-9DE6-8427-E1BD1C816086}"
EndProject
Project("{FAE04EC0-301F-11D3-BF4B-00C04F79EFBC}") = "DotnetAcademy.StudySessionPlannerLab", "labs\01-foundations\06-study-session-planner-lab\solution\DotnetAcademy.StudySessionPlannerLab\DotnetAcademy.StudySessionPlannerLab.csproj", "{B25D7F03-157C-46E0-B477-E48A51AA513B}"
EndProject
Project("{2150E333-8FDC-42A3-9474-1A3956D46DE8}") = "06-study-session-planner-lab", "06-study-session-planner-lab", "{9DB4D443-841E-536A-809C-8F6E30B043D6}"
EndProject
Project("{FAE04EC0-301F-11D3-BF4B-00C04F79EFBC}") = "DotnetAcademy.StudySessionPlannerLab.Tests", "tests\01-foundations\06-study-session-planner-lab\DotnetAcademy.StudySessionPlannerLab.Tests\DotnetAcademy.StudySessionPlannerLab.Tests.csproj", "{239F8250-FBAC-42E8-B1D2-E0B39D570530}"
EndProject
Project("{2150E333-8FDC-42A3-9474-1A3956D46DE8}") = "02-csharp-core", "02-csharp-core", "{9436978B-0500-9AB4-B5B3-54521F12C59A}"
EndProject
Project("{2150E333-8FDC-42A3-9474-1A3956D46DE8}") = "01-classes-and-objects", "01-classes-and-objects", "{EDED702E-8BDF-52C2-2052-9FB0A6304D23}"
EndProject
Project("{FAE04EC0-301F-11D3-BF4B-00C04F79EFBC}") = "DotnetAcademy.ClassesObjectsDemo", "src\02-csharp-core\01-classes-and-objects\DotnetAcademy.ClassesObjectsDemo\DotnetAcademy.ClassesObjectsDemo.csproj", "{BF596C1E-8A21-4EE4-8781-FE86A7C79DE3}"
EndProject
Project("{2150E333-8FDC-42A3-9474-1A3956D46DE8}") = "02-csharp-core", "02-csharp-core", "{05637657-7D44-8666-35DC-4229375EA4A8}"
EndProject
Project("{2150E333-8FDC-42A3-9474-1A3956D46DE8}") = "01-classes-and-objects", "01-classes-and-objects", "{58AD3DE2-907D-D116-CC6F-13F98EE4487D}"
EndProject
Project("{FAE04EC0-301F-11D3-BF4B-00C04F79EFBC}") = "DotnetAcademy.ClassesObjectsDemo.Tests", "tests\02-csharp-core\01-classes-and-objects\DotnetAcademy.ClassesObjectsDemo.Tests\DotnetAcademy.ClassesObjectsDemo.Tests.csproj", "{EF45CDBA-A8BA-4B06-806A-49FC37135D36}"
EndProject
Project("{2150E333-8FDC-42A3-9474-1A3956D46DE8}") = "02-records-structs-and-enums", "02-records-structs-and-enums", "{0D5FB0AB-8338-688E-4519-FADD8E557431}"
EndProject
Project("{FAE04EC0-301F-11D3-BF4B-00C04F79EFBC}") = "DotnetAcademy.RecordsStructsEnumsDemo", "src\02-csharp-core\02-records-structs-and-enums\DotnetAcademy.RecordsStructsEnumsDemo\DotnetAcademy.RecordsStructsEnumsDemo.csproj", "{25DC9D5E-19AD-4C70-930A-3A3A9F614D6E}"
EndProject
Project("{2150E333-8FDC-42A3-9474-1A3956D46DE8}") = "02-records-structs-and-enums", "02-records-structs-and-enums", "{4D393AC0-10D1-1B79-650D-85EC7C5016B7}"
EndProject
Project("{FAE04EC0-301F-11D3-BF4B-00C04F79EFBC}") = "DotnetAcademy.RecordsStructsEnumsDemo.Tests", "tests\02-csharp-core\02-records-structs-and-enums\DotnetAcademy.RecordsStructsEnumsDemo.Tests\DotnetAcademy.RecordsStructsEnumsDemo.Tests.csproj", "{698A8C6B-0787-49D9-A6CB-F919BB4015D7}"
EndProject
Project("{2150E333-8FDC-42A3-9474-1A3956D46DE8}") = "03-interfaces-and-composition", "03-interfaces-and-composition", "{B060A98C-34B1-FEB1-1FD3-9F431D0AE3EF}"
EndProject
Project("{FAE04EC0-301F-11D3-BF4B-00C04F79EFBC}") = "DotnetAcademy.InterfacesCompositionDemo", "src\02-csharp-core\03-interfaces-and-composition\DotnetAcademy.InterfacesCompositionDemo\DotnetAcademy.InterfacesCompositionDemo.csproj", "{9D132B91-AE8B-4740-BCAF-DB9E5E5C866A}"
EndProject
Project("{2150E333-8FDC-42A3-9474-1A3956D46DE8}") = "03-interfaces-and-composition", "03-interfaces-and-composition", "{3C39FF42-0D80-D006-89AA-77BBCA85BDE5}"
EndProject
Project("{FAE04EC0-301F-11D3-BF4B-00C04F79EFBC}") = "DotnetAcademy.InterfacesCompositionDemo.Tests", "tests\02-csharp-core\03-interfaces-and-composition\DotnetAcademy.InterfacesCompositionDemo.Tests\DotnetAcademy.InterfacesCompositionDemo.Tests.csproj", "{224E05E5-A3D7-4395-BB83-2D37640F1EA7}"
EndProject
Project("{2150E333-8FDC-42A3-9474-1A3956D46DE8}") = "04-inheritance-basics", "04-inheritance-basics", "{9AA9F946-A0E2-B6DE-1130-0B06930EF79A}"
EndProject
Project("{FAE04EC0-301F-11D3-BF4B-00C04F79EFBC}") = "DotnetAcademy.InheritanceBasicsDemo", "src\02-csharp-core\04-inheritance-basics\DotnetAcademy.InheritanceBasicsDemo\DotnetAcademy.InheritanceBasicsDemo.csproj", "{427F9B34-63FD-4400-9E3E-3434C568CE82}"
EndProject
Project("{2150E333-8FDC-42A3-9474-1A3956D46DE8}") = "04-inheritance-basics", "04-inheritance-basics", "{1BDD1689-8463-C5DF-4E35-9E419C97B853}"
EndProject
Project("{FAE04EC0-301F-11D3-BF4B-00C04F79EFBC}") = "DotnetAcademy.InheritanceBasicsDemo.Tests", "tests\02-csharp-core\04-inheritance-basics\DotnetAcademy.InheritanceBasicsDemo.Tests\DotnetAcademy.InheritanceBasicsDemo.Tests.csproj", "{EB9A6879-AA34-4412-B5C0-13A630E09B17}"
EndProject
Project("{2150E333-8FDC-42A3-9474-1A3956D46DE8}") = "05-generics-collections-and-exceptions", "05-generics-collections-and-exceptions", "{9A51268F-E9D9-566B-4261-CB617D7C1691}"
EndProject
Project("{FAE04EC0-301F-11D3-BF4B-00C04F79EFBC}") = "DotnetAcademy.GenericsCollectionsExceptionsDemo", "src\02-csharp-core\05-generics-collections-and-exceptions\DotnetAcademy.GenericsCollectionsExceptionsDemo\DotnetAcademy.GenericsCollectionsExceptionsDemo.csproj", "{64121D8D-D5FD-4664-87DE-DA7404923664}"
EndProject
Project("{2150E333-8FDC-42A3-9474-1A3956D46DE8}") = "05-generics-collections-and-exceptions", "05-generics-collections-and-exceptions", "{61FD3B9E-2B50-8630-B915-5E95D613FD5A}"
EndProject
Project("{FAE04EC0-301F-11D3-BF4B-00C04F79EFBC}") = "DotnetAcademy.GenericsCollectionsExceptionsDemo.Tests", "tests\02-csharp-core\05-generics-collections-and-exceptions\DotnetAcademy.GenericsCollectionsExceptionsDemo.Tests\DotnetAcademy.GenericsCollectionsExceptionsDemo.Tests.csproj", "{FFCB008E-AF2F-47F9-B720-5B653F9E703C}"
EndProject
Project("{2150E333-8FDC-42A3-9474-1A3956D46DE8}") = "06-lambdas-delegates-events-and-pattern-matching", "06-lambdas-delegates-events-and-pattern-matching", "{5A9AFE86-A9C7-6986-1733-7EFB4210EB2B}"
EndProject
Project("{FAE04EC0-301F-11D3-BF4B-00C04F79EFBC}") = "DotnetAcademy.LambdasDelegatesEventsPatternMatchingDemo", "src\02-csharp-core\06-lambdas-delegates-events-and-pattern-matching\DotnetAcademy.LambdasDelegatesEventsPatternMatchingDemo\DotnetAcademy.LambdasDelegatesEventsPatternMatchingDemo.csproj", "{58056A60-AC76-4806-B09F-CAED7293C720}"
EndProject
Project("{2150E333-8FDC-42A3-9474-1A3956D46DE8}") = "06-lambdas-delegates-events-and-pattern-matching", "06-lambdas-delegates-events-and-pattern-matching", "{83EA3501-30C7-6CEC-87DB-62C1C5D33F54}"
EndProject
Project("{FAE04EC0-301F-11D3-BF4B-00C04F79EFBC}") = "DotnetAcademy.LambdasDelegatesEventsPatternMatchingDemo.Tests", "tests\02-csharp-core\06-lambdas-delegates-events-and-pattern-matching\DotnetAcademy.LambdasDelegatesEventsPatternMatchingDemo.Tests\DotnetAcademy.LambdasDelegatesEventsPatternMatchingDemo.Tests.csproj", "{5EF6E9BD-2E43-4F26-9BB9-F294EDFCA2E9}"
EndProject
Project("{2150E333-8FDC-42A3-9474-1A3956D46DE8}") = "07-domain-modeling-demo", "07-domain-modeling-demo", "{15983243-BCA8-2F99-EC42-CEA7A2EB73B8}"
EndProject
Project("{FAE04EC0-301F-11D3-BF4B-00C04F79EFBC}") = "DotnetAcademy.DomainModelingDemo", "src\02-csharp-core\07-domain-modeling-demo\DotnetAcademy.DomainModelingDemo\DotnetAcademy.DomainModelingDemo.csproj", "{54BC07D0-0300-40D5-A92E-4E364E89CC3F}"
EndProject
Project("{FAE04EC0-301F-11D3-BF4B-00C04F79EFBC}") = "DotnetAcademy.DomainModelingDemo.Console", "src\02-csharp-core\07-domain-modeling-demo\DotnetAcademy.DomainModelingDemo.Console\DotnetAcademy.DomainModelingDemo.Console.csproj", "{60618785-1092-40C8-8A80-4B6AB4519547}"
EndProject
Project("{2150E333-8FDC-42A3-9474-1A3956D46DE8}") = "07-domain-modeling-demo", "07-domain-modeling-demo", "{5E0C085B-8C4B-1DB9-9515-826D3EF5E1DE}"
EndProject
Project("{FAE04EC0-301F-11D3-BF4B-00C04F79EFBC}") = "DotnetAcademy.DomainModelingDemo.Tests", "tests\02-csharp-core\07-domain-modeling-demo\DotnetAcademy.DomainModelingDemo.Tests\DotnetAcademy.DomainModelingDemo.Tests.csproj", "{996626EC-E8A3-45D3-BF56-4CE94B7654B7}"
EndProject
Project("{2150E333-8FDC-42A3-9474-1A3956D46DE8}") = "02-csharp-core", "02-csharp-core", "{0401CF89-E113-AA21-DAC2-39C396C1AB82}"
EndProject
Project("{2150E333-8FDC-42A3-9474-1A3956D46DE8}") = "08-learning-track-domain-model-lab", "08-learning-track-domain-model-lab", "{54943C66-2AB0-D44F-B446-0780C7303896}"
EndProject
Project("{2150E333-8FDC-42A3-9474-1A3956D46DE8}") = "solution", "solution", "{8BADD51D-9CE9-2DBD-F880-A5A7EB5CD139}"
EndProject
Project("{FAE04EC0-301F-11D3-BF4B-00C04F79EFBC}") = "DotnetAcademy.LearningTrackLab", "labs\02-csharp-core\08-learning-track-domain-model-lab\solution\DotnetAcademy.LearningTrackLab\DotnetAcademy.LearningTrackLab.csproj", "{0AB652D0-A857-4232-ADC3-D2F23EC17992}"
EndProject
Project("{2150E333-8FDC-42A3-9474-1A3956D46DE8}") = "08-learning-track-domain-model-lab", "08-learning-track-domain-model-lab", "{55E25B19-D8BE-500A-A52A-E54B99309FDE}"
EndProject
Project("{FAE04EC0-301F-11D3-BF4B-00C04F79EFBC}") = "DotnetAcademy.LearningTrackLab.Tests", "tests\02-csharp-core\08-learning-track-domain-model-lab\DotnetAcademy.LearningTrackLab.Tests\DotnetAcademy.LearningTrackLab.Tests.csproj", "{7D468F8C-7636-4B9E-8B29-47C8F7338405}"
EndProject
Project("{2150E333-8FDC-42A3-9474-1A3956D46DE8}") = "03-productivity-and-data-transformation", "03-productivity-and-data-transformation", "{E1CD993F-B883-E92C-777F-3C18ABA86BC6}"
EndProject
Project("{2150E333-8FDC-42A3-9474-1A3956D46DE8}") = "01-linq-fundamentals-and-query-thinking", "01-linq-fundamentals-and-query-thinking", "{BDC1D0C2-D5D8-4775-7326-F605E5BF87B7}"
EndProject
Project("{FAE04EC0-301F-11D3-BF4B-00C04F79EFBC}") = "DotnetAcademy.LinqQueryThinkingDemo", "src\03-productivity-and-data-transformation\01-linq-fundamentals-and-query-thinking\DotnetAcademy.LinqQueryThinkingDemo\DotnetAcademy.LinqQueryThinkingDemo.csproj", "{201D4BC2-194C-4643-B9D9-39B27109E8DD}"
EndProject
Project("{2150E333-8FDC-42A3-9474-1A3956D46DE8}") = "03-productivity-and-data-transformation", "03-productivity-and-data-transformation", "{5EF5CC93-B804-1E3F-540B-20CFA20728E6}"
EndProject
Project("{2150E333-8FDC-42A3-9474-1A3956D46DE8}") = "01-linq-fundamentals-and-query-thinking", "01-linq-fundamentals-and-query-thinking", "{A9D4FEB8-0920-B98D-97F4-43377EBB55E4}"
EndProject
Project("{FAE04EC0-301F-11D3-BF4B-00C04F79EFBC}") = "DotnetAcademy.LinqQueryThinkingDemo.Tests", "tests\03-productivity-and-data-transformation\01-linq-fundamentals-and-query-thinking\DotnetAcademy.LinqQueryThinkingDemo.Tests\DotnetAcademy.LinqQueryThinkingDemo.Tests.csproj", "{39DB313A-03F4-4669-B75F-421941C95F25}"
EndProject
Project("{2150E333-8FDC-42A3-9474-1A3956D46DE8}") = "02-collections-and-immutability-tradeoffs", "02-collections-and-immutability-tradeoffs", "{487E7273-06CF-5A40-0816-04674AD47D6B}"
EndProject
Project("{FAE04EC0-301F-11D3-BF4B-00C04F79EFBC}") = "DotnetAcademy.CollectionsTradeoffsDemo", "src\03-productivity-and-data-transformation\02-collections-and-immutability-tradeoffs\DotnetAcademy.CollectionsTradeoffsDemo\DotnetAcademy.CollectionsTradeoffsDemo.csproj", "{08934CC5-EF03-4797-8E0E-18CD7B0FDD0D}"
EndProject
Project("{2150E333-8FDC-42A3-9474-1A3956D46DE8}") = "02-collections-and-immutability-tradeoffs", "02-collections-and-immutability-tradeoffs", "{B4351682-1CAC-1432-5FA6-B23F159331E4}"
EndProject
Project("{FAE04EC0-301F-11D3-BF4B-00C04F79EFBC}") = "DotnetAcademy.CollectionsTradeoffsDemo.Tests", "tests\03-productivity-and-data-transformation\02-collections-and-immutability-tradeoffs\DotnetAcademy.CollectionsTradeoffsDemo.Tests\DotnetAcademy.CollectionsTradeoffsDemo.Tests.csproj", "{693FB6C3-E10C-4E98-9F75-03D95F69A5ED}"
EndProject
Project("{2150E333-8FDC-42A3-9474-1A3956D46DE8}") = "02a-immutable-read-only-and-frozen-collection-tradeoffs", "02a-immutable-read-only-and-frozen-collection-tradeoffs", "{7267665F-3FD5-10E2-923F-B7FA3682C446}"
EndProject
Project("{FAE04EC0-301F-11D3-BF4B-00C04F79EFBC}") = "DotnetAcademy.ReadOnlyImmutableFrozenCollectionsDemo", "src\03-productivity-and-data-transformation\02a-immutable-read-only-and-frozen-collection-tradeoffs\DotnetAcademy.ReadOnlyImmutableFrozenCollectionsDemo\DotnetAcademy.ReadOnlyImmutableFrozenCollectionsDemo.csproj", "{1CD271B6-E0E7-46EE-8783-566B30BF5123}"
EndProject
Project("{2150E333-8FDC-42A3-9474-1A3956D46DE8}") = "02a-immutable-read-only-and-frozen-collection-tradeoffs", "02a-immutable-read-only-and-frozen-collection-tradeoffs", "{53D89A59-2EB9-1216-76B1-EB801D45AB92}"
EndProject
Project("{FAE04EC0-301F-11D3-BF4B-00C04F79EFBC}") = "DotnetAcademy.ReadOnlyImmutableFrozenCollectionsDemo.Tests", "tests\03-productivity-and-data-transformation\02a-immutable-read-only-and-frozen-collection-tradeoffs\DotnetAcademy.ReadOnlyImmutableFrozenCollectionsDemo.Tests\DotnetAcademy.ReadOnlyImmutableFrozenCollectionsDemo.Tests.csproj", "{250412DF-3184-4643-B247-CECDBA99ABA7}"
EndProject
Project("{2150E333-8FDC-42A3-9474-1A3956D46DE8}") = "03-file-io-json-and-serialization", "03-file-io-json-and-serialization", "{95733875-E8EB-07E1-0DC3-8C6969FCDC2F}"
EndProject
Project("{FAE04EC0-301F-11D3-BF4B-00C04F79EFBC}") = "DotnetAcademy.FileIoJsonSerializationDemo", "src\03-productivity-and-data-transformation\03-file-io-json-and-serialization\DotnetAcademy.FileIoJsonSerializationDemo\DotnetAcademy.FileIoJsonSerializationDemo.csproj", "{D7728824-4A2C-450B-A6B1-80F1A3540075}"
EndProject
Project("{2150E333-8FDC-42A3-9474-1A3956D46DE8}") = "03-file-io-json-and-serialization", "03-file-io-json-and-serialization", "{C9FC18D1-ABAB-953B-0A4E-8F169C850927}"
EndProject
Project("{FAE04EC0-301F-11D3-BF4B-00C04F79EFBC}") = "DotnetAcademy.FileIoJsonSerializationDemo.Tests", "tests\03-productivity-and-data-transformation\03-file-io-json-and-serialization\DotnetAcademy.FileIoJsonSerializationDemo.Tests\DotnetAcademy.FileIoJsonSerializationDemo.Tests.csproj", "{1EE95A30-06A1-49AA-B8DA-00188E297871}"
EndProject
Project("{2150E333-8FDC-42A3-9474-1A3956D46DE8}") = "04-configuration-basics", "04-configuration-basics", "{22B9FB5E-9395-12C8-0AAC-DA5F3A67543B}"
EndProject
Project("{FAE04EC0-301F-11D3-BF4B-00C04F79EFBC}") = "DotnetAcademy.ConfigurationBasicsDemo", "src\03-productivity-and-data-transformation\04-configuration-basics\DotnetAcademy.ConfigurationBasicsDemo\DotnetAcademy.ConfigurationBasicsDemo.csproj", "{CA486D50-EEE3-4D3A-B199-68BAAB1D64B2}"
EndProject
Project("{2150E333-8FDC-42A3-9474-1A3956D46DE8}") = "04-configuration-basics", "04-configuration-basics", "{A65CF167-2A81-85E5-1330-9D89AC314141}"
EndProject
Project("{FAE04EC0-301F-11D3-BF4B-00C04F79EFBC}") = "DotnetAcademy.ConfigurationBasicsDemo.Tests", "tests\03-productivity-and-data-transformation\04-configuration-basics\DotnetAcademy.ConfigurationBasicsDemo.Tests\DotnetAcademy.ConfigurationBasicsDemo.Tests.csproj", "{73455FF3-90F1-44FB-9AA4-8E7EB6D6FBBA}"
EndProject
Project("{2150E333-8FDC-42A3-9474-1A3956D46DE8}") = "05-async-and-await-foundations", "05-async-and-await-foundations", "{F1FF89E8-1F1F-3FDD-C33C-9B59C7621459}"
EndProject
Project("{FAE04EC0-301F-11D3-BF4B-00C04F79EFBC}") = "DotnetAcademy.AsyncAwaitFoundationsDemo", "src\03-productivity-and-data-transformation\05-async-and-await-foundations\DotnetAcademy.AsyncAwaitFoundationsDemo\DotnetAcademy.AsyncAwaitFoundationsDemo.csproj", "{505096B3-CFFC-4D7B-BD61-C811B71A6AE3}"
EndProject
Project("{2150E333-8FDC-42A3-9474-1A3956D46DE8}") = "05-async-and-await-foundations", "05-async-and-await-foundations", "{18D27904-A5BE-C58F-705F-3738C5181592}"
EndProject
Project("{FAE04EC0-301F-11D3-BF4B-00C04F79EFBC}") = "DotnetAcademy.AsyncAwaitFoundationsDemo.Tests", "tests\03-productivity-and-data-transformation\05-async-and-await-foundations\DotnetAcademy.AsyncAwaitFoundationsDemo.Tests\DotnetAcademy.AsyncAwaitFoundationsDemo.Tests.csproj", "{D568D7C2-ED28-4998-8D6D-C613CD557AE1}"
EndProject
Project("{2150E333-8FDC-42A3-9474-1A3956D46DE8}") = "05a-cancellation-async-streams-and-valuetask-tradeoffs", "05a-cancellation-async-streams-and-valuetask-tradeoffs", "{9D684101-88ED-C339-0737-E6C616727C3A}"
EndProject
Project("{FAE04EC0-301F-11D3-BF4B-00C04F79EFBC}") = "DotnetAcademy.CancellationAsyncStreamsValueTaskDemo", "src\03-productivity-and-data-transformation\05a-cancellation-async-streams-and-valuetask-tradeoffs\DotnetAcademy.CancellationAsyncStreamsValueTaskDemo\DotnetAcademy.CancellationAsyncStreamsValueTaskDemo.csproj", "{60CE77A9-C4DB-410B-9A36-7EA5C9F5BF66}"
EndProject
Project("{2150E333-8FDC-42A3-9474-1A3956D46DE8}") = "05a-cancellation-async-streams-and-valuetask-tradeoffs", "05a-cancellation-async-streams-and-valuetask-tradeoffs", "{2D21C992-DCE3-6CFB-D01D-D75392C93978}"
EndProject
Project("{FAE04EC0-301F-11D3-BF4B-00C04F79EFBC}") = "DotnetAcademy.CancellationAsyncStreamsValueTaskDemo.Tests", "tests\03-productivity-and-data-transformation\05a-cancellation-async-streams-and-valuetask-tradeoffs\DotnetAcademy.CancellationAsyncStreamsValueTaskDemo.Tests\DotnetAcademy.CancellationAsyncStreamsValueTaskDemo.Tests.csproj", "{BCC81BBA-D2C9-4AC3-A748-B208D977D3BD}"
EndProject
Project("{2150E333-8FDC-42A3-9474-1A3956D46DE8}") = "06-integrated-transformation-sample", "06-integrated-transformation-sample", "{94608E8A-8C14-E03A-8D90-E2799005450C}"
EndProject
Project("{FAE04EC0-301F-11D3-BF4B-00C04F79EFBC}") = "DotnetAcademy.IntegratedTransformationDemo", "src\03-productivity-and-data-transformation\06-integrated-transformation-sample\DotnetAcademy.IntegratedTransformationDemo\DotnetAcademy.IntegratedTransformationDemo.csproj", "{1A26E9FD-84A6-4024-B178-FF3DAA6E815A}"
EndProject
Project("{FAE04EC0-301F-11D3-BF4B-00C04F79EFBC}") = "DotnetAcademy.IntegratedTransformationDemo.Console", "src\03-productivity-and-data-transformation\06-integrated-transformation-sample\DotnetAcademy.IntegratedTransformationDemo.Console\DotnetAcademy.IntegratedTransformationDemo.Console.csproj", "{A1F0EFE5-EF03-4F07-B1DC-8FC3DD093E3E}"
EndProject
Project("{2150E333-8FDC-42A3-9474-1A3956D46DE8}") = "06-integrated-transformation-sample", "06-integrated-transformation-sample", "{E9F2FD01-6013-2C69-E488-51B3F75E2BEC}"
EndProject
Project("{FAE04EC0-301F-11D3-BF4B-00C04F79EFBC}") = "DotnetAcademy.IntegratedTransformationDemo.Tests", "tests\03-productivity-and-data-transformation\06-integrated-transformation-sample\DotnetAcademy.IntegratedTransformationDemo.Tests\DotnetAcademy.IntegratedTransformationDemo.Tests.csproj", "{09F2EED0-8CEC-47B2-A75F-C8B488A19C8F}"
EndProject
Project("{2150E333-8FDC-42A3-9474-1A3956D46DE8}") = "03-productivity-and-data-transformation", "03-productivity-and-data-transformation", "{25A56BE2-A935-73BA-E95E-7CC5D548EED7}"
EndProject
Project("{2150E333-8FDC-42A3-9474-1A3956D46DE8}") = "08-study-digest-pipeline-lab", "08-study-digest-pipeline-lab", "{7167B95A-5003-64C3-E6D2-1E2B6A61F81F}"
EndProject
Project("{2150E333-8FDC-42A3-9474-1A3956D46DE8}") = "solution", "solution", "{75C88ED5-863F-C59E-5F1C-DE5E7435F063}"
EndProject
Project("{FAE04EC0-301F-11D3-BF4B-00C04F79EFBC}") = "DotnetAcademy.StudyDigestPipelineLab", "labs\03-productivity-and-data-transformation\08-study-digest-pipeline-lab\solution\DotnetAcademy.StudyDigestPipelineLab\DotnetAcademy.StudyDigestPipelineLab.csproj", "{01DA2ADC-F5FB-440B-8847-797D4F3A37ED}"
EndProject
Project("{2150E333-8FDC-42A3-9474-1A3956D46DE8}") = "08-study-digest-pipeline-lab", "08-study-digest-pipeline-lab", "{3BAFD224-B8C7-A82F-B56F-8174B2BDE91B}"
EndProject
Project("{FAE04EC0-301F-11D3-BF4B-00C04F79EFBC}") = "DotnetAcademy.StudyDigestPipelineLab.Tests", "tests\03-productivity-and-data-transformation\08-study-digest-pipeline-lab\DotnetAcademy.StudyDigestPipelineLab.Tests\DotnetAcademy.StudyDigestPipelineLab.Tests.csproj", "{EBD55170-B7F1-424C-A3DE-87AF5D0BAC55}"
EndProject
Project("{2150E333-8FDC-42A3-9474-1A3956D46DE8}") = "04-runtime-tooling-and-diagnostics", "04-runtime-tooling-and-diagnostics", "{E2DAFCF0-33F6-DC23-C234-A984DBC23731}"
EndProject
Project("{2150E333-8FDC-42A3-9474-1A3956D46DE8}") = "01-dotnet-cli-sdk-build-and-packaging", "01-dotnet-cli-sdk-build-and-packaging", "{20C1AB59-DDCE-C290-BDEE-AAD16FA8A3F4}"
EndProject
Project("{FAE04EC0-301F-11D3-BF4B-00C04F79EFBC}") = "DotnetAcademy.DotnetCliBuildPackagingDemo", "src\04-runtime-tooling-and-diagnostics\01-dotnet-cli-sdk-build-and-packaging\DotnetAcademy.DotnetCliBuildPackagingDemo\DotnetAcademy.DotnetCliBuildPackagingDemo.csproj", "{21224E40-F2E6-44D0-9D74-B684AB596803}"
EndProject
Project("{2150E333-8FDC-42A3-9474-1A3956D46DE8}") = "04-runtime-tooling-and-diagnostics", "04-runtime-tooling-and-diagnostics", "{3EC2C9CE-58CC-61BE-842C-4C8F3AF81FD5}"
EndProject
Project("{2150E333-8FDC-42A3-9474-1A3956D46DE8}") = "01-dotnet-cli-sdk-build-and-packaging", "01-dotnet-cli-sdk-build-and-packaging", "{D3F7CB80-0AB5-04F0-5208-B42AAADC6F1F}"
EndProject
Project("{FAE04EC0-301F-11D3-BF4B-00C04F79EFBC}") = "DotnetAcademy.DotnetCliBuildPackagingDemo.Tests", "tests\04-runtime-tooling-and-diagnostics\01-dotnet-cli-sdk-build-and-packaging\DotnetAcademy.DotnetCliBuildPackagingDemo.Tests\DotnetAcademy.DotnetCliBuildPackagingDemo.Tests.csproj", "{87AD1386-766B-4566-A7D8-17283CB0C7A7}"
EndProject
Project("{2150E333-8FDC-42A3-9474-1A3956D46DE8}") = "02-memory-model-gc-and-allocation-awareness", "02-memory-model-gc-and-allocation-awareness", "{84990F52-B29A-43AF-C636-84047E6CCA19}"
EndProject
Project("{FAE04EC0-301F-11D3-BF4B-00C04F79EFBC}") = "DotnetAcademy.MemoryGcAllocationDemo", "src\04-runtime-tooling-and-diagnostics\02-memory-model-gc-and-allocation-awareness\DotnetAcademy.MemoryGcAllocationDemo\DotnetAcademy.MemoryGcAllocationDemo.csproj", "{479ADB9D-5C88-4EAA-A5C3-DF65BF12475E}"
EndProject
Project("{2150E333-8FDC-42A3-9474-1A3956D46DE8}") = "02-memory-model-gc-and-allocation-awareness", "02-memory-model-gc-and-allocation-awareness", "{3278895B-85C5-62BE-4557-3C898DD93581}"
EndProject
Project("{FAE04EC0-301F-11D3-BF4B-00C04F79EFBC}") = "DotnetAcademy.MemoryGcAllocationDemo.Tests", "tests\04-runtime-tooling-and-diagnostics\02-memory-model-gc-and-allocation-awareness\DotnetAcademy.MemoryGcAllocationDemo.Tests\DotnetAcademy.MemoryGcAllocationDemo.Tests.csproj", "{38A9F533-C565-4496-B985-1154068BBC13}"
EndProject
Global
	GlobalSection(SolutionConfigurationPlatforms) = preSolution
		Debug|Any CPU = Debug|Any CPU
		Debug|x64 = Debug|x64
		Debug|x86 = Debug|x86
		Release|Any CPU = Release|Any CPU
		Release|x64 = Release|x64
		Release|x86 = Release|x86
	EndGlobalSection
	GlobalSection(ProjectConfigurationPlatforms) = postSolution
		{9900DB37-0C53-2DB6-CFC4-B34421C1A368}.Debug|Any CPU.ActiveCfg = Debug|Any CPU
		{9900DB37-0C53-2DB6-CFC4-B34421C1A368}.Debug|Any CPU.Build.0 = Debug|Any CPU
		{9900DB37-0C53-2DB6-CFC4-B34421C1A368}.Debug|x64.ActiveCfg = Debug|Any CPU
		{9900DB37-0C53-2DB6-CFC4-B34421C1A368}.Debug|x64.Build.0 = Debug|Any CPU
		{9900DB37-0C53-2DB6-CFC4-B34421C1A368}.Debug|x86.ActiveCfg = Debug|Any CPU
		{9900DB37-0C53-2DB6-CFC4-B34421C1A368}.Debug|x86.Build.0 = Debug|Any CPU
		{9900DB37-0C53-2DB6-CFC4-B34421C1A368}.Release|Any CPU.ActiveCfg = Release|Any CPU
		{9900DB37-0C53-2DB6-CFC4-B34421C1A368}.Release|Any CPU.Build.0 = Release|Any CPU
		{9900DB37-0C53-2DB6-CFC4-B34421C1A368}.Release|x64.ActiveCfg = Release|Any CPU
		{9900DB37-0C53-2DB6-CFC4-B34421C1A368}.Release|x64.Build.0 = Release|Any CPU
		{9900DB37-0C53-2DB6-CFC4-B34421C1A368}.Release|x86.ActiveCfg = Release|Any CPU
		{9900DB37-0C53-2DB6-CFC4-B34421C1A368}.Release|x86.Build.0 = Release|Any CPU
		{666EDC38-28ED-485A-9990-1CCCDDF9B4B9}.Debug|Any CPU.ActiveCfg = Debug|Any CPU
		{666EDC38-28ED-485A-9990-1CCCDDF9B4B9}.Debug|Any CPU.Build.0 = Debug|Any CPU
		{666EDC38-28ED-485A-9990-1CCCDDF9B4B9}.Debug|x64.ActiveCfg = Debug|Any CPU
		{666EDC38-28ED-485A-9990-1CCCDDF9B4B9}.Debug|x64.Build.0 = Debug|Any CPU
		{666EDC38-28ED-485A-9990-1CCCDDF9B4B9}.Debug|x86.ActiveCfg = Debug|Any CPU
		{666EDC38-28ED-485A-9990-1CCCDDF9B4B9}.Debug|x86.Build.0 = Debug|Any CPU
		{666EDC38-28ED-485A-9990-1CCCDDF9B4B9}.Release|Any CPU.ActiveCfg = Release|Any CPU
		{666EDC38-28ED-485A-9990-1CCCDDF9B4B9}.Release|Any CPU.Build.0 = Release|Any CPU
		{666EDC38-28ED-485A-9990-1CCCDDF9B4B9}.Release|x64.ActiveCfg = Release|Any CPU
		{666EDC38-28ED-485A-9990-1CCCDDF9B4B9}.Release|x64.Build.0 = Release|Any CPU
		{666EDC38-28ED-485A-9990-1CCCDDF9B4B9}.Release|x86.ActiveCfg = Release|Any CPU
		{666EDC38-28ED-485A-9990-1CCCDDF9B4B9}.Release|x86.Build.0 = Release|Any CPU
		{733F6E19-37C4-47A0-923A-D2ACD5FA9768}.Debug|Any CPU.ActiveCfg = Debug|Any CPU
		{733F6E19-37C4-47A0-923A-D2ACD5FA9768}.Debug|Any CPU.Build.0 = Debug|Any CPU
		{733F6E19-37C4-47A0-923A-D2ACD5FA9768}.Debug|x64.ActiveCfg = Debug|Any CPU
		{733F6E19-37C4-47A0-923A-D2ACD5FA9768}.Debug|x64.Build.0 = Debug|Any CPU
		{733F6E19-37C4-47A0-923A-D2ACD5FA9768}.Debug|x86.ActiveCfg = Debug|Any CPU
		{733F6E19-37C4-47A0-923A-D2ACD5FA9768}.Debug|x86.Build.0 = Debug|Any CPU
		{733F6E19-37C4-47A0-923A-D2ACD5FA9768}.Release|Any CPU.ActiveCfg = Release|Any CPU
		{733F6E19-37C4-47A0-923A-D2ACD5FA9768}.Release|Any CPU.Build.0 = Release|Any CPU
		{733F6E19-37C4-47A0-923A-D2ACD5FA9768}.Release|x64.ActiveCfg = Release|Any CPU
		{733F6E19-37C4-47A0-923A-D2ACD5FA9768}.Release|x64.Build.0 = Release|Any CPU
		{733F6E19-37C4-47A0-923A-D2ACD5FA9768}.Release|x86.ActiveCfg = Release|Any CPU
		{733F6E19-37C4-47A0-923A-D2ACD5FA9768}.Release|x86.Build.0 = Release|Any CPU
		{F4968831-6566-4D9A-8464-717111946296}.Debug|Any CPU.ActiveCfg = Debug|Any CPU
		{F4968831-6566-4D9A-8464-717111946296}.Debug|Any CPU.Build.0 = Debug|Any CPU
		{F4968831-6566-4D9A-8464-717111946296}.Debug|x64.ActiveCfg = Debug|Any CPU
		{F4968831-6566-4D9A-8464-717111946296}.Debug|x64.Build.0 = Debug|Any CPU
		{F4968831-6566-4D9A-8464-717111946296}.Debug|x86.ActiveCfg = Debug|Any CPU
		{F4968831-6566-4D9A-8464-717111946296}.Debug|x86.Build.0 = Debug|Any CPU
		{F4968831-6566-4D9A-8464-717111946296}.Release|Any CPU.ActiveCfg = Release|Any CPU
		{F4968831-6566-4D9A-8464-717111946296}.Release|Any CPU.Build.0 = Release|Any CPU
		{F4968831-6566-4D9A-8464-717111946296}.Release|x64.ActiveCfg = Release|Any CPU
		{F4968831-6566-4D9A-8464-717111946296}.Release|x64.Build.0 = Release|Any CPU
		{F4968831-6566-4D9A-8464-717111946296}.Release|x86.ActiveCfg = Release|Any CPU
		{F4968831-6566-4D9A-8464-717111946296}.Release|x86.Build.0 = Release|Any CPU
		{1F7DE59C-98DD-4FE1-8FBF-BBFB422274E5}.Debug|Any CPU.ActiveCfg = Debug|Any CPU
		{1F7DE59C-98DD-4FE1-8FBF-BBFB422274E5}.Debug|Any CPU.Build.0 = Debug|Any CPU
		{1F7DE59C-98DD-4FE1-8FBF-BBFB422274E5}.Debug|x64.ActiveCfg = Debug|Any CPU
		{1F7DE59C-98DD-4FE1-8FBF-BBFB422274E5}.Debug|x64.Build.0 = Debug|Any CPU
		{1F7DE59C-98DD-4FE1-8FBF-BBFB422274E5}.Debug|x86.ActiveCfg = Debug|Any CPU
		{1F7DE59C-98DD-4FE1-8FBF-BBFB422274E5}.Debug|x86.Build.0 = Debug|Any CPU
		{1F7DE59C-98DD-4FE1-8FBF-BBFB422274E5}.Release|Any CPU.ActiveCfg = Release|Any CPU
		{1F7DE59C-98DD-4FE1-8FBF-BBFB422274E5}.Release|Any CPU.Build.0 = Release|Any CPU
		{1F7DE59C-98DD-4FE1-8FBF-BBFB422274E5}.Release|x64.ActiveCfg = Release|Any CPU
		{1F7DE59C-98DD-4FE1-8FBF-BBFB422274E5}.Release|x64.Build.0 = Release|Any CPU
		{1F7DE59C-98DD-4FE1-8FBF-BBFB422274E5}.Release|x86.ActiveCfg = Release|Any CPU
		{1F7DE59C-98DD-4FE1-8FBF-BBFB422274E5}.Release|x86.Build.0 = Release|Any CPU
		{4607C806-EAEB-476C-B234-84C0FD532821}.Debug|Any CPU.ActiveCfg = Debug|Any CPU
		{4607C806-EAEB-476C-B234-84C0FD532821}.Debug|Any CPU.Build.0 = Debug|Any CPU
		{4607C806-EAEB-476C-B234-84C0FD532821}.Debug|x64.ActiveCfg = Debug|Any CPU
		{4607C806-EAEB-476C-B234-84C0FD532821}.Debug|x64.Build.0 = Debug|Any CPU
		{4607C806-EAEB-476C-B234-84C0FD532821}.Debug|x86.ActiveCfg = Debug|Any CPU
		{4607C806-EAEB-476C-B234-84C0FD532821}.Debug|x86.Build.0 = Debug|Any CPU
		{4607C806-EAEB-476C-B234-84C0FD532821}.Release|Any CPU.ActiveCfg = Release|Any CPU
		{4607C806-EAEB-476C-B234-84C0FD532821}.Release|Any CPU.Build.0 = Release|Any CPU
		{4607C806-EAEB-476C-B234-84C0FD532821}.Release|x64.ActiveCfg = Release|Any CPU
		{4607C806-EAEB-476C-B234-84C0FD532821}.Release|x64.Build.0 = Release|Any CPU
		{4607C806-EAEB-476C-B234-84C0FD532821}.Release|x86.ActiveCfg = Release|Any CPU
		{4607C806-EAEB-476C-B234-84C0FD532821}.Release|x86.Build.0 = Release|Any CPU
		{4B06B7AC-2C87-42A6-B514-B64FAB6D2E9D}.Debug|Any CPU.ActiveCfg = Debug|Any CPU
		{4B06B7AC-2C87-42A6-B514-B64FAB6D2E9D}.Debug|Any CPU.Build.0 = Debug|Any CPU
		{4B06B7AC-2C87-42A6-B514-B64FAB6D2E9D}.Debug|x64.ActiveCfg = Debug|Any CPU
		{4B06B7AC-2C87-42A6-B514-B64FAB6D2E9D}.Debug|x64.Build.0 = Debug|Any CPU
		{4B06B7AC-2C87-42A6-B514-B64FAB6D2E9D}.Debug|x86.ActiveCfg = Debug|Any CPU
		{4B06B7AC-2C87-42A6-B514-B64FAB6D2E9D}.Debug|x86.Build.0 = Debug|Any CPU
		{4B06B7AC-2C87-42A6-B514-B64FAB6D2E9D}.Release|Any CPU.ActiveCfg = Release|Any CPU
		{4B06B7AC-2C87-42A6-B514-B64FAB6D2E9D}.Release|Any CPU.Build.0 = Release|Any CPU
		{4B06B7AC-2C87-42A6-B514-B64FAB6D2E9D}.Release|x64.ActiveCfg = Release|Any CPU
		{4B06B7AC-2C87-42A6-B514-B64FAB6D2E9D}.Release|x64.Build.0 = Release|Any CPU
		{4B06B7AC-2C87-42A6-B514-B64FAB6D2E9D}.Release|x86.ActiveCfg = Release|Any CPU
		{4B06B7AC-2C87-42A6-B514-B64FAB6D2E9D}.Release|x86.Build.0 = Release|Any CPU
		{80AC57F1-FE13-4894-B1EB-C7854BAD726D}.Debug|Any CPU.ActiveCfg = Debug|Any CPU
		{80AC57F1-FE13-4894-B1EB-C7854BAD726D}.Debug|Any CPU.Build.0 = Debug|Any CPU
		{80AC57F1-FE13-4894-B1EB-C7854BAD726D}.Debug|x64.ActiveCfg = Debug|Any CPU
		{80AC57F1-FE13-4894-B1EB-C7854BAD726D}.Debug|x64.Build.0 = Debug|Any CPU
		{80AC57F1-FE13-4894-B1EB-C7854BAD726D}.Debug|x86.ActiveCfg = Debug|Any CPU
		{80AC57F1-FE13-4894-B1EB-C7854BAD726D}.Debug|x86.Build.0 = Debug|Any CPU
		{80AC57F1-FE13-4894-B1EB-C7854BAD726D}.Release|Any CPU.ActiveCfg = Release|Any CPU
		{80AC57F1-FE13-4894-B1EB-C7854BAD726D}.Release|Any CPU.Build.0 = Release|Any CPU
		{80AC57F1-FE13-4894-B1EB-C7854BAD726D}.Release|x64.ActiveCfg = Release|Any CPU
		{80AC57F1-FE13-4894-B1EB-C7854BAD726D}.Release|x64.Build.0 = Release|Any CPU
		{80AC57F1-FE13-4894-B1EB-C7854BAD726D}.Release|x86.ActiveCfg = Release|Any CPU
		{80AC57F1-FE13-4894-B1EB-C7854BAD726D}.Release|x86.Build.0 = Release|Any CPU
		{DDFCB745-CB5D-4D7C-A8DC-F89F5695499C}.Debug|Any CPU.ActiveCfg = Debug|Any CPU
		{DDFCB745-CB5D-4D7C-A8DC-F89F5695499C}.Debug|Any CPU.Build.0 = Debug|Any CPU
		{DDFCB745-CB5D-4D7C-A8DC-F89F5695499C}.Debug|x64.ActiveCfg = Debug|Any CPU
		{DDFCB745-CB5D-4D7C-A8DC-F89F5695499C}.Debug|x64.Build.0 = Debug|Any CPU
		{DDFCB745-CB5D-4D7C-A8DC-F89F5695499C}.Debug|x86.ActiveCfg = Debug|Any CPU
		{DDFCB745-CB5D-4D7C-A8DC-F89F5695499C}.Debug|x86.Build.0 = Debug|Any CPU
		{DDFCB745-CB5D-4D7C-A8DC-F89F5695499C}.Release|Any CPU.ActiveCfg = Release|Any CPU
		{DDFCB745-CB5D-4D7C-A8DC-F89F5695499C}.Release|Any CPU.Build.0 = Release|Any CPU
		{DDFCB745-CB5D-4D7C-A8DC-F89F5695499C}.Release|x64.ActiveCfg = Release|Any CPU
		{DDFCB745-CB5D-4D7C-A8DC-F89F5695499C}.Release|x64.Build.0 = Release|Any CPU
		{DDFCB745-CB5D-4D7C-A8DC-F89F5695499C}.Release|x86.ActiveCfg = Release|Any CPU
		{DDFCB745-CB5D-4D7C-A8DC-F89F5695499C}.Release|x86.Build.0 = Release|Any CPU
		{CA5A8D1A-3B45-425B-B09B-0A0D58F372F9}.Debug|Any CPU.ActiveCfg = Debug|Any CPU
		{CA5A8D1A-3B45-425B-B09B-0A0D58F372F9}.Debug|Any CPU.Build.0 = Debug|Any CPU
		{CA5A8D1A-3B45-425B-B09B-0A0D58F372F9}.Debug|x64.ActiveCfg = Debug|Any CPU
		{CA5A8D1A-3B45-425B-B09B-0A0D58F372F9}.Debug|x64.Build.0 = Debug|Any CPU
		{CA5A8D1A-3B45-425B-B09B-0A0D58F372F9}.Debug|x86.ActiveCfg = Debug|Any CPU
		{CA5A8D1A-3B45-425B-B09B-0A0D58F372F9}.Debug|x86.Build.0 = Debug|Any CPU
		{CA5A8D1A-3B45-425B-B09B-0A0D58F372F9}.Release|Any CPU.ActiveCfg = Release|Any CPU
		{CA5A8D1A-3B45-425B-B09B-0A0D58F372F9}.Release|Any CPU.Build.0 = Release|Any CPU
		{CA5A8D1A-3B45-425B-B09B-0A0D58F372F9}.Release|x64.ActiveCfg = Release|Any CPU
		{CA5A8D1A-3B45-425B-B09B-0A0D58F372F9}.Release|x64.Build.0 = Release|Any CPU
		{CA5A8D1A-3B45-425B-B09B-0A0D58F372F9}.Release|x86.ActiveCfg = Release|Any CPU
		{CA5A8D1A-3B45-425B-B09B-0A0D58F372F9}.Release|x86.Build.0 = Release|Any CPU
		{B25D7F03-157C-46E0-B477-E48A51AA513B}.Debug|Any CPU.ActiveCfg = Debug|Any CPU
		{B25D7F03-157C-46E0-B477-E48A51AA513B}.Debug|Any CPU.Build.0 = Debug|Any CPU
		{B25D7F03-157C-46E0-B477-E48A51AA513B}.Debug|x64.ActiveCfg = Debug|Any CPU
		{B25D7F03-157C-46E0-B477-E48A51AA513B}.Debug|x64.Build.0 = Debug|Any CPU
		{B25D7F03-157C-46E0-B477-E48A51AA513B}.Debug|x86.ActiveCfg = Debug|Any CPU
		{B25D7F03-157C-46E0-B477-E48A51AA513B}.Debug|x86.Build.0 = Debug|Any CPU
		{B25D7F03-157C-46E0-B477-E48A51AA513B}.Release|Any CPU.ActiveCfg = Release|Any CPU
		{B25D7F03-157C-46E0-B477-E48A51AA513B}.Release|Any CPU.Build.0 = Release|Any CPU
		{B25D7F03-157C-46E0-B477-E48A51AA513B}.Release|x64.ActiveCfg = Release|Any CPU
		{B25D7F03-157C-46E0-B477-E48A51AA513B}.Release|x64.Build.0 = Release|Any CPU
		{B25D7F03-157C-46E0-B477-E48A51AA513B}.Release|x86.ActiveCfg = Release|Any CPU
		{B25D7F03-157C-46E0-B477-E48A51AA513B}.Release|x86.Build.0 = Release|Any CPU
		{239F8250-FBAC-42E8-B1D2-E0B39D570530}.Debug|Any CPU.ActiveCfg = Debug|Any CPU
		{239F8250-FBAC-42E8-B1D2-E0B39D570530}.Debug|Any CPU.Build.0 = Debug|Any CPU
		{239F8250-FBAC-42E8-B1D2-E0B39D570530}.Debug|x64.ActiveCfg = Debug|Any CPU
		{239F8250-FBAC-42E8-B1D2-E0B39D570530}.Debug|x64.Build.0 = Debug|Any CPU
		{239F8250-FBAC-42E8-B1D2-E0B39D570530}.Debug|x86.ActiveCfg = Debug|Any CPU
		{239F8250-FBAC-42E8-B1D2-E0B39D570530}.Debug|x86.Build.0 = Debug|Any CPU
		{239F8250-FBAC-42E8-B1D2-E0B39D570530}.Release|Any CPU.ActiveCfg = Release|Any CPU
		{239F8250-FBAC-42E8-B1D2-E0B39D570530}.Release|Any CPU.Build.0 = Release|Any CPU
		{239F8250-FBAC-42E8-B1D2-E0B39D570530}.Release|x64.ActiveCfg = Release|Any CPU
		{239F8250-FBAC-42E8-B1D2-E0B39D570530}.Release|x64.Build.0 = Release|Any CPU
		{239F8250-FBAC-42E8-B1D2-E0B39D570530}.Release|x86.ActiveCfg = Release|Any CPU
		{239F8250-FBAC-42E8-B1D2-E0B39D570530}.Release|x86.Build.0 = Release|Any CPU
		{BF596C1E-8A21-4EE4-8781-FE86A7C79DE3}.Debug|Any CPU.ActiveCfg = Debug|Any CPU
		{BF596C1E-8A21-4EE4-8781-FE86A7C79DE3}.Debug|Any CPU.Build.0 = Debug|Any CPU
		{BF596C1E-8A21-4EE4-8781-FE86A7C79DE3}.Debug|x64.ActiveCfg = Debug|Any CPU
		{BF596C1E-8A21-4EE4-8781-FE86A7C79DE3}.Debug|x64.Build.0 = Debug|Any CPU
		{BF596C1E-8A21-4EE4-8781-FE86A7C79DE3}.Debug|x86.ActiveCfg = Debug|Any CPU
		{BF596C1E-8A21-4EE4-8781-FE86A7C79DE3}.Debug|x86.Build.0 = Debug|Any CPU
		{BF596C1E-8A21-4EE4-8781-FE86A7C79DE3}.Release|Any CPU.ActiveCfg = Release|Any CPU
		{BF596C1E-8A21-4EE4-8781-FE86A7C79DE3}.Release|Any CPU.Build.0 = Release|Any CPU
		{BF596C1E-8A21-4EE4-8781-FE86A7C79DE3}.Release|x64.ActiveCfg = Release|Any CPU
		{BF596C1E-8A21-4EE4-8781-FE86A7C79DE3}.Release|x64.Build.0 = Release|Any CPU
		{BF596C1E-8A21-4EE4-8781-FE86A7C79DE3}.Release|x86.ActiveCfg = Release|Any CPU
		{BF596C1E-8A21-4EE4-8781-FE86A7C79DE3}.Release|x86.Build.0 = Release|Any CPU
		{EF45CDBA-A8BA-4B06-806A-49FC37135D36}.Debug|Any CPU.ActiveCfg = Debug|Any CPU
		{EF45CDBA-A8BA-4B06-806A-49FC37135D36}.Debug|Any CPU.Build.0 = Debug|Any CPU
		{EF45CDBA-A8BA-4B06-806A-49FC37135D36}.Debug|x64.ActiveCfg = Debug|Any CPU
		{EF45CDBA-A8BA-4B06-806A-49FC37135D36}.Debug|x64.Build.0 = Debug|Any CPU
		{EF45CDBA-A8BA-4B06-806A-49FC37135D36}.Debug|x86.ActiveCfg = Debug|Any CPU
		{EF45CDBA-A8BA-4B06-806A-49FC37135D36}.Debug|x86.Build.0 = Debug|Any CPU
		{EF45CDBA-A8BA-4B06-806A-49FC37135D36}.Release|Any CPU.ActiveCfg = Release|Any CPU
		{EF45CDBA-A8BA-4B06-806A-49FC37135D36}.Release|Any CPU.Build.0 = Release|Any CPU
		{EF45CDBA-A8BA-4B06-806A-49FC37135D36}.Release|x64.ActiveCfg = Release|Any CPU
		{EF45CDBA-A8BA-4B06-806A-49FC37135D36}.Release|x64.Build.0 = Release|Any CPU
		{EF45CDBA-A8BA-4B06-806A-49FC37135D36}.Release|x86.ActiveCfg = Release|Any CPU
		{EF45CDBA-A8BA-4B06-806A-49FC37135D36}.Release|x86.Build.0 = Release|Any CPU
		{25DC9D5E-19AD-4C70-930A-3A3A9F614D6E}.Debug|Any CPU.ActiveCfg = Debug|Any CPU
		{25DC9D5E-19AD-4C70-930A-3A3A9F614D6E}.Debug|Any CPU.Build.0 = Debug|Any CPU
		{25DC9D5E-19AD-4C70-930A-3A3A9F614D6E}.Debug|x64.ActiveCfg = Debug|Any CPU
		{25DC9D5E-19AD-4C70-930A-3A3A9F614D6E}.Debug|x64.Build.0 = Debug|Any CPU
		{25DC9D5E-19AD-4C70-930A-3A3A9F614D6E}.Debug|x86.ActiveCfg = Debug|Any CPU
		{25DC9D5E-19AD-4C70-930A-3A3A9F614D6E}.Debug|x86.Build.0 = Debug|Any CPU
		{25DC9D5E-19AD-4C70-930A-3A3A9F614D6E}.Release|Any CPU.ActiveCfg = Release|Any CPU
		{25DC9D5E-19AD-4C70-930A-3A3A9F614D6E}.Release|Any CPU.Build.0 = Release|Any CPU
		{25DC9D5E-19AD-4C70-930A-3A3A9F614D6E}.Release|x64.ActiveCfg = Release|Any CPU
		{25DC9D5E-19AD-4C70-930A-3A3A9F614D6E}.Release|x64.Build.0 = Release|Any CPU
		{25DC9D5E-19AD-4C70-930A-3A3A9F614D6E}.Release|x86.ActiveCfg = Release|Any CPU
		{25DC9D5E-19AD-4C70-930A-3A3A9F614D6E}.Release|x86.Build.0 = Release|Any CPU
		{698A8C6B-0787-49D9-A6CB-F919BB4015D7}.Debug|Any CPU.ActiveCfg = Debug|Any CPU
		{698A8C6B-0787-49D9-A6CB-F919BB4015D7}.Debug|Any CPU.Build.0 = Debug|Any CPU
		{698A8C6B-0787-49D9-A6CB-F919BB4015D7}.Debug|x64.ActiveCfg = Debug|Any CPU
		{698A8C6B-0787-49D9-A6CB-F919BB4015D7}.Debug|x64.Build.0 = Debug|Any CPU
		{698A8C6B-0787-49D9-A6CB-F919BB4015D7}.Debug|x86.ActiveCfg = Debug|Any CPU
		{698A8C6B-0787-49D9-A6CB-F919BB4015D7}.Debug|x86.Build.0 = Debug|Any CPU
		{698A8C6B-0787-49D9-A6CB-F919BB4015D7}.Release|Any CPU.ActiveCfg = Release|Any CPU
		{698A8C6B-0787-49D9-A6CB-F919BB4015D7}.Release|Any CPU.Build.0 = Release|Any CPU
		{698A8C6B-0787-49D9-A6CB-F919BB4015D7}.Release|x64.ActiveCfg = Release|Any CPU
		{698A8C6B-0787-49D9-A6CB-F919BB4015D7}.Release|x64.Build.0 = Release|Any CPU
		{698A8C6B-0787-49D9-A6CB-F919BB4015D7}.Release|x86.ActiveCfg = Release|Any CPU
		{698A8C6B-0787-49D9-A6CB-F919BB4015D7}.Release|x86.Build.0 = Release|Any CPU
		{9D132B91-AE8B-4740-BCAF-DB9E5E5C866A}.Debug|Any CPU.ActiveCfg = Debug|Any CPU
		{9D132B91-AE8B-4740-BCAF-DB9E5E5C866A}.Debug|Any CPU.Build.0 = Debug|Any CPU
		{9D132B91-AE8B-4740-BCAF-DB9E5E5C866A}.Debug|x64.ActiveCfg = Debug|Any CPU
		{9D132B91-AE8B-4740-BCAF-DB9E5E5C866A}.Debug|x64.Build.0 = Debug|Any CPU
		{9D132B91-AE8B-4740-BCAF-DB9E5E5C866A}.Debug|x86.ActiveCfg = Debug|Any CPU
		{9D132B91-AE8B-4740-BCAF-DB9E5E5C866A}.Debug|x86.Build.0 = Debug|Any CPU
		{9D132B91-AE8B-4740-BCAF-DB9E5E5C866A}.Release|Any CPU.ActiveCfg = Release|Any CPU
		{9D132B91-AE8B-4740-BCAF-DB9E5E5C866A}.Release|Any CPU.Build.0 = Release|Any CPU
		{9D132B91-AE8B-4740-BCAF-DB9E5E5C866A}.Release|x64.ActiveCfg = Release|Any CPU
		{9D132B91-AE8B-4740-BCAF-DB9E5E5C866A}.Release|x64.Build.0 = Release|Any CPU
		{9D132B91-AE8B-4740-BCAF-DB9E5E5C866A}.Release|x86.ActiveCfg = Release|Any CPU
		{9D132B91-AE8B-4740-BCAF-DB9E5E5C866A}.Release|x86.Build.0 = Release|Any CPU
		{224E05E5-A3D7-4395-BB83-2D37640F1EA7}.Debug|Any CPU.ActiveCfg = Debug|Any CPU
		{224E05E5-A3D7-4395-BB83-2D37640F1EA7}.Debug|Any CPU.Build.0 = Debug|Any CPU
		{224E05E5-A3D7-4395-BB83-2D37640F1EA7}.Debug|x64.ActiveCfg = Debug|Any CPU
		{224E05E5-A3D7-4395-BB83-2D37640F1EA7}.Debug|x64.Build.0 = Debug|Any CPU
		{224E05E5-A3D7-4395-BB83-2D37640F1EA7}.Debug|x86.ActiveCfg = Debug|Any CPU
		{224E05E5-A3D7-4395-BB83-2D37640F1EA7}.Debug|x86.Build.0 = Debug|Any CPU
		{224E05E5-A3D7-4395-BB83-2D37640F1EA7}.Release|Any CPU.ActiveCfg = Release|Any CPU
		{224E05E5-A3D7-4395-BB83-2D37640F1EA7}.Release|Any CPU.Build.0 = Release|Any CPU
		{224E05E5-A3D7-4395-BB83-2D37640F1EA7}.Release|x64.ActiveCfg = Release|Any CPU
		{224E05E5-A3D7-4395-BB83-2D37640F1EA7}.Release|x64.Build.0 = Release|Any CPU
		{224E05E5-A3D7-4395-BB83-2D37640F1EA7}.Release|x86.ActiveCfg = Release|Any CPU
		{224E05E5-A3D7-4395-BB83-2D37640F1EA7}.Release|x86.Build.0 = Release|Any CPU
		{427F9B34-63FD-4400-9E3E-3434C568CE82}.Debug|Any CPU.ActiveCfg = Debug|Any CPU
		{427F9B34-63FD-4400-9E3E-3434C568CE82}.Debug|Any CPU.Build.0 = Debug|Any CPU
		{427F9B34-63FD-4400-9E3E-3434C568CE82}.Debug|x64.ActiveCfg = Debug|Any CPU
		{427F9B34-63FD-4400-9E3E-3434C568CE82}.Debug|x64.Build.0 = Debug|Any CPU
		{427F9B34-63FD-4400-9E3E-3434C568CE82}.Debug|x86.ActiveCfg = Debug|Any CPU
		{427F9B34-63FD-4400-9E3E-3434C568CE82}.Debug|x86.Build.0 = Debug|Any CPU
		{427F9B34-63FD-4400-9E3E-3434C568CE82}.Release|Any CPU.ActiveCfg = Release|Any CPU
		{427F9B34-63FD-4400-9E3E-3434C568CE82}.Release|Any CPU.Build.0 = Release|Any CPU
		{427F9B34-63FD-4400-9E3E-3434C568CE82}.Release|x64.ActiveCfg = Release|Any CPU
		{427F9B34-63FD-4400-9E3E-3434C568CE82}.Release|x64.Build.0 = Release|Any CPU
		{427F9B34-63FD-4400-9E3E-3434C568CE82}.Release|x86.ActiveCfg = Release|Any CPU
		{427F9B34-63FD-4400-9E3E-3434C568CE82}.Release|x86.Build.0 = Release|Any CPU
		{EB9A6879-AA34-4412-B5C0-13A630E09B17}.Debug|Any CPU.ActiveCfg = Debug|Any CPU
		{EB9A6879-AA34-4412-B5C0-13A630E09B17}.Debug|Any CPU.Build.0 = Debug|Any CPU
		{EB9A6879-AA34-4412-B5C0-13A630E09B17}.Debug|x64.ActiveCfg = Debug|Any CPU
		{EB9A6879-AA34-4412-B5C0-13A630E09B17}.Debug|x64.Build.0 = Debug|Any CPU
		{EB9A6879-AA34-4412-B5C0-13A630E09B17}.Debug|x86.ActiveCfg = Debug|Any CPU
		{EB9A6879-AA34-4412-B5C0-13A630E09B17}.Debug|x86.Build.0 = Debug|Any CPU
		{EB9A6879-AA34-4412-B5C0-13A630E09B17}.Release|Any CPU.ActiveCfg = Release|Any CPU
		{EB9A6879-AA34-4412-B5C0-13A630E09B17}.Release|Any CPU.Build.0 = Release|Any CPU
		{EB9A6879-AA34-4412-B5C0-13A630E09B17}.Release|x64.ActiveCfg = Release|Any CPU
		{EB9A6879-AA34-4412-B5C0-13A630E09B17}.Release|x64.Build.0 = Release|Any CPU
		{EB9A6879-AA34-4412-B5C0-13A630E09B17}.Release|x86.ActiveCfg = Release|Any CPU
		{EB9A6879-AA34-4412-B5C0-13A630E09B17}.Release|x86.Build.0 = Release|Any CPU
		{64121D8D-D5FD-4664-87DE-DA7404923664}.Debug|Any CPU.ActiveCfg = Debug|Any CPU
		{64121D8D-D5FD-4664-87DE-DA7404923664}.Debug|Any CPU.Build.0 = Debug|Any CPU
		{64121D8D-D5FD-4664-87DE-DA7404923664}.Debug|x64.ActiveCfg = Debug|Any CPU
		{64121D8D-D5FD-4664-87DE-DA7404923664}.Debug|x64.Build.0 = Debug|Any CPU
		{64121D8D-D5FD-4664-87DE-DA7404923664}.Debug|x86.ActiveCfg = Debug|Any CPU
		{64121D8D-D5FD-4664-87DE-DA7404923664}.Debug|x86.Build.0 = Debug|Any CPU
		{64121D8D-D5FD-4664-87DE-DA7404923664}.Release|Any CPU.ActiveCfg = Release|Any CPU
		{64121D8D-D5FD-4664-87DE-DA7404923664}.Release|Any CPU.Build.0 = Release|Any CPU
		{64121D8D-D5FD-4664-87DE-DA7404923664}.Release|x64.ActiveCfg = Release|Any CPU
		{64121D8D-D5FD-4664-87DE-DA7404923664}.Release|x64.Build.0 = Release|Any CPU
		{64121D8D-D5FD-4664-87DE-DA7404923664}.Release|x86.ActiveCfg = Release|Any CPU
		{64121D8D-D5FD-4664-87DE-DA7404923664}.Release|x86.Build.0 = Release|Any CPU
		{FFCB008E-AF2F-47F9-B720-5B653F9E703C}.Debug|Any CPU.ActiveCfg = Debug|Any CPU
		{FFCB008E-AF2F-47F9-B720-5B653F9E703C}.Debug|Any CPU.Build.0 = Debug|Any CPU
		{FFCB008E-AF2F-47F9-B720-5B653F9E703C}.Debug|x64.ActiveCfg = Debug|Any CPU
		{FFCB008E-AF2F-47F9-B720-5B653F9E703C}.Debug|x64.Build.0 = Debug|Any CPU
		{FFCB008E-AF2F-47F9-B720-5B653F9E703C}.Debug|x86.ActiveCfg = Debug|Any CPU
		{FFCB008E-AF2F-47F9-B720-5B653F9E703C}.Debug|x86.Build.0 = Debug|Any CPU
		{FFCB008E-AF2F-47F9-B720-5B653F9E703C}.Release|Any CPU.ActiveCfg = Release|Any CPU
		{FFCB008E-AF2F-47F9-B720-5B653F9E703C}.Release|Any CPU.Build.0 = Release|Any CPU
		{FFCB008E-AF2F-47F9-B720-5B653F9E703C}.Release|x64.ActiveCfg = Release|Any CPU
		{FFCB008E-AF2F-47F9-B720-5B653F9E703C}.Release|x64.Build.0 = Release|Any CPU
		{FFCB008E-AF2F-47F9-B720-5B653F9E703C}.Release|x86.ActiveCfg = Release|Any CPU
		{FFCB008E-AF2F-47F9-B720-5B653F9E703C}.Release|x86.Build.0 = Release|Any CPU
		{58056A60-AC76-4806-B09F-CAED7293C720}.Debug|Any CPU.ActiveCfg = Debug|Any CPU
		{58056A60-AC76-4806-B09F-CAED7293C720}.Debug|Any CPU.Build.0 = Debug|Any CPU
		{58056A60-AC76-4806-B09F-CAED7293C720}.Debug|x64.ActiveCfg = Debug|Any CPU
		{58056A60-AC76-4806-B09F-CAED7293C720}.Debug|x64.Build.0 = Debug|Any CPU
		{58056A60-AC76-4806-B09F-CAED7293C720}.Debug|x86.ActiveCfg = Debug|Any CPU
		{58056A60-AC76-4806-B09F-CAED7293C720}.Debug|x86.Build.0 = Debug|Any CPU
		{58056A60-AC76-4806-B09F-CAED7293C720}.Release|Any CPU.ActiveCfg = Release|Any CPU
		{58056A60-AC76-4806-B09F-CAED7293C720}.Release|Any CPU.Build.0 = Release|Any CPU
		{58056A60-AC76-4806-B09F-CAED7293C720}.Release|x64.ActiveCfg = Release|Any CPU
		{58056A60-AC76-4806-B09F-CAED7293C720}.Release|x64.Build.0 = Release|Any CPU
		{58056A60-AC76-4806-B09F-CAED7293C720}.Release|x86.ActiveCfg = Release|Any CPU
		{58056A60-AC76-4806-B09F-CAED7293C720}.Release|x86.Build.0 = Release|Any CPU
		{5EF6E9BD-2E43-4F26-9BB9-F294EDFCA2E9}.Debug|Any CPU.ActiveCfg = Debug|Any CPU
		{5EF6E9BD-2E43-4F26-9BB9-F294EDFCA2E9}.Debug|Any CPU.Build.0 = Debug|Any CPU
		{5EF6E9BD-2E43-4F26-9BB9-F294EDFCA2E9}.Debug|x64.ActiveCfg = Debug|Any CPU
		{5EF6E9BD-2E43-4F26-9BB9-F294EDFCA2E9}.Debug|x64.Build.0 = Debug|Any CPU
		{5EF6E9BD-2E43-4F26-9BB9-F294EDFCA2E9}.Debug|x86.ActiveCfg = Debug|Any CPU
		{5EF6E9BD-2E43-4F26-9BB9-F294EDFCA2E9}.Debug|x86.Build.0 = Debug|Any CPU
		{5EF6E9BD-2E43-4F26-9BB9-F294EDFCA2E9}.Release|Any CPU.ActiveCfg = Release|Any CPU
		{5EF6E9BD-2E43-4F26-9BB9-F294EDFCA2E9}.Release|Any CPU.Build.0 = Release|Any CPU
		{5EF6E9BD-2E43-4F26-9BB9-F294EDFCA2E9}.Release|x64.ActiveCfg = Release|Any CPU
		{5EF6E9BD-2E43-4F26-9BB9-F294EDFCA2E9}.Release|x64.Build.0 = Release|Any CPU
		{5EF6E9BD-2E43-4F26-9BB9-F294EDFCA2E9}.Release|x86.ActiveCfg = Release|Any CPU
		{5EF6E9BD-2E43-4F26-9BB9-F294EDFCA2E9}.Release|x86.Build.0 = Release|Any CPU
		{54BC07D0-0300-40D5-A92E-4E364E89CC3F}.Debug|Any CPU.ActiveCfg = Debug|Any CPU
		{54BC07D0-0300-40D5-A92E-4E364E89CC3F}.Debug|Any CPU.Build.0 = Debug|Any CPU
		{54BC07D0-0300-40D5-A92E-4E364E89CC3F}.Debug|x64.ActiveCfg = Debug|Any CPU
		{54BC07D0-0300-40D5-A92E-4E364E89CC3F}.Debug|x64.Build.0 = Debug|Any CPU
		{54BC07D0-0300-40D5-A92E-4E364E89CC3F}.Debug|x86.ActiveCfg = Debug|Any CPU
		{54BC07D0-0300-40D5-A92E-4E364E89CC3F}.Debug|x86.Build.0 = Debug|Any CPU
		{54BC07D0-0300-40D5-A92E-4E364E89CC3F}.Release|Any CPU.ActiveCfg = Release|Any CPU
		{54BC07D0-0300-40D5-A92E-4E364E89CC3F}.Release|Any CPU.Build.0 = Release|Any CPU
		{54BC07D0-0300-40D5-A92E-4E364E89CC3F}.Release|x64.ActiveCfg = Release|Any CPU
		{54BC07D0-0300-40D5-A92E-4E364E89CC3F}.Release|x64.Build.0 = Release|Any CPU
		{54BC07D0-0300-40D5-A92E-4E364E89CC3F}.Release|x86.ActiveCfg = Release|Any CPU
		{54BC07D0-0300-40D5-A92E-4E364E89CC3F}.Release|x86.Build.0 = Release|Any CPU
		{60618785-1092-40C8-8A80-4B6AB4519547}.Debug|Any CPU.ActiveCfg = Debug|Any CPU
		{60618785-1092-40C8-8A80-4B6AB4519547}.Debug|Any CPU.Build.0 = Debug|Any CPU
		{60618785-1092-40C8-8A80-4B6AB4519547}.Debug|x64.ActiveCfg = Debug|Any CPU
		{60618785-1092-40C8-8A80-4B6AB4519547}.Debug|x64.Build.0 = Debug|Any CPU
		{60618785-1092-40C8-8A80-4B6AB4519547}.Debug|x86.ActiveCfg = Debug|Any CPU
		{60618785-1092-40C8-8A80-4B6AB4519547}.Debug|x86.Build.0 = Debug|Any CPU
		{60618785-1092-40C8-8A80-4B6AB4519547}.Release|Any CPU.ActiveCfg = Release|Any CPU
		{60618785-1092-40C8-8A80-4B6AB4519547}.Release|Any CPU.Build.0 = Release|Any CPU
		{60618785-1092-40C8-8A80-4B6AB4519547}.Release|x64.ActiveCfg = Release|Any CPU
		{60618785-1092-40C8-8A80-4B6AB4519547}.Release|x64.Build.0 = Release|Any CPU
		{60618785-1092-40C8-8A80-4B6AB4519547}.Release|x86.ActiveCfg = Release|Any CPU
		{60618785-1092-40C8-8A80-4B6AB4519547}.Release|x86.Build.0 = Release|Any CPU
		{996626EC-E8A3-45D3-BF56-4CE94B7654B7}.Debug|Any CPU.ActiveCfg = Debug|Any CPU
		{996626EC-E8A3-45D3-BF56-4CE94B7654B7}.Debug|Any CPU.Build.0 = Debug|Any CPU
		{996626EC-E8A3-45D3-BF56-4CE94B7654B7}.Debug|x64.ActiveCfg = Debug|Any CPU
		{996626EC-E8A3-45D3-BF56-4CE94B7654B7}.Debug|x64.Build.0 = Debug|Any CPU
		{996626EC-E8A3-45D3-BF56-4CE94B7654B7}.Debug|x86.ActiveCfg = Debug|Any CPU
		{996626EC-E8A3-45D3-BF56-4CE94B7654B7}.Debug|x86.Build.0 = Debug|Any CPU
		{996626EC-E8A3-45D3-BF56-4CE94B7654B7}.Release|Any CPU.ActiveCfg = Release|Any CPU
		{996626EC-E8A3-45D3-BF56-4CE94B7654B7}.Release|Any CPU.Build.0 = Release|Any CPU
		{996626EC-E8A3-45D3-BF56-4CE94B7654B7}.Release|x64.ActiveCfg = Release|Any CPU
		{996626EC-E8A3-45D3-BF56-4CE94B7654B7}.Release|x64.Build.0 = Release|Any CPU
		{996626EC-E8A3-45D3-BF56-4CE94B7654B7}.Release|x86.ActiveCfg = Release|Any CPU
		{996626EC-E8A3-45D3-BF56-4CE94B7654B7}.Release|x86.Build.0 = Release|Any CPU
		{0AB652D0-A857-4232-ADC3-D2F23EC17992}.Debug|Any CPU.ActiveCfg = Debug|Any CPU
		{0AB652D0-A857-4232-ADC3-D2F23EC17992}.Debug|Any CPU.Build.0 = Debug|Any CPU
		{0AB652D0-A857-4232-ADC3-D2F23EC17992}.Debug|x64.ActiveCfg = Debug|Any CPU
		{0AB652D0-A857-4232-ADC3-D2F23EC17992}.Debug|x64.Build.0 = Debug|Any CPU
		{0AB652D0-A857-4232-ADC3-D2F23EC17992}.Debug|x86.ActiveCfg = Debug|Any CPU
		{0AB652D0-A857-4232-ADC3-D2F23EC17992}.Debug|x86.Build.0 = Debug|Any CPU
		{0AB652D0-A857-4232-ADC3-D2F23EC17992}.Release|Any CPU.ActiveCfg = Release|Any CPU
		{0AB652D0-A857-4232-ADC3-D2F23EC17992}.Release|Any CPU.Build.0 = Release|Any CPU
		{0AB652D0-A857-4232-ADC3-D2F23EC17992}.Release|x64.ActiveCfg = Release|Any CPU
		{0AB652D0-A857-4232-ADC3-D2F23EC17992}.Release|x64.Build.0 = Release|Any CPU
		{0AB652D0-A857-4232-ADC3-D2F23EC17992}.Release|x86.ActiveCfg = Release|Any CPU
		{0AB652D0-A857-4232-ADC3-D2F23EC17992}.Release|x86.Build.0 = Release|Any CPU
		{7D468F8C-7636-4B9E-8B29-47C8F7338405}.Debug|Any CPU.ActiveCfg = Debug|Any CPU
		{7D468F8C-7636-4B9E-8B29-47C8F7338405}.Debug|Any CPU.Build.0 = Debug|Any CPU
		{7D468F8C-7636-4B9E-8B29-47C8F7338405}.Debug|x64.ActiveCfg = Debug|Any CPU
		{7D468F8C-7636-4B9E-8B29-47C8F7338405}.Debug|x64.Build.0 = Debug|Any CPU
		{7D468F8C-7636-4B9E-8B29-47C8F7338405}.Debug|x86.ActiveCfg = Debug|Any CPU
		{7D468F8C-7636-4B9E-8B29-47C8F7338405}.Debug|x86.Build.0 = Debug|Any CPU
		{7D468F8C-7636-4B9E-8B29-47C8F7338405}.Release|Any CPU.ActiveCfg = Release|Any CPU
		{7D468F8C-7636-4B9E-8B29-47C8F7338405}.Release|Any CPU.Build.0 = Release|Any CPU
		{7D468F8C-7636-4B9E-8B29-47C8F7338405}.Release|x64.ActiveCfg = Release|Any CPU
		{7D468F8C-7636-4B9E-8B29-47C8F7338405}.Release|x64.Build.0 = Release|Any CPU
		{7D468F8C-7636-4B9E-8B29-47C8F7338405}.Release|x86.ActiveCfg = Release|Any CPU
		{7D468F8C-7636-4B9E-8B29-47C8F7338405}.Release|x86.Build.0 = Release|Any CPU
		{201D4BC2-194C-4643-B9D9-39B27109E8DD}.Debug|Any CPU.ActiveCfg = Debug|Any CPU
		{201D4BC2-194C-4643-B9D9-39B27109E8DD}.Debug|Any CPU.Build.0 = Debug|Any CPU
		{201D4BC2-194C-4643-B9D9-39B27109E8DD}.Debug|x64.ActiveCfg = Debug|Any CPU
		{201D4BC2-194C-4643-B9D9-39B27109E8DD}.Debug|x64.Build.0 = Debug|Any CPU
		{201D4BC2-194C-4643-B9D9-39B27109E8DD}.Debug|x86.ActiveCfg = Debug|Any CPU
		{201D4BC2-194C-4643-B9D9-39B27109E8DD}.Debug|x86.Build.0 = Debug|Any CPU
		{201D4BC2-194C-4643-B9D9-39B27109E8DD}.Release|Any CPU.ActiveCfg = Release|Any CPU
		{201D4BC2-194C-4643-B9D9-39B27109E8DD}.Release|Any CPU.Build.0 = Release|Any CPU
		{201D4BC2-194C-4643-B9D9-39B27109E8DD}.Release|x64.ActiveCfg = Release|Any CPU
		{201D4BC2-194C-4643-B9D9-39B27109E8DD}.Release|x64.Build.0 = Release|Any CPU
		{201D4BC2-194C-4643-B9D9-39B27109E8DD}.Release|x86.ActiveCfg = Release|Any CPU
		{201D4BC2-194C-4643-B9D9-39B27109E8DD}.Release|x86.Build.0 = Release|Any CPU
		{39DB313A-03F4-4669-B75F-421941C95F25}.Debug|Any CPU.ActiveCfg = Debug|Any CPU
		{39DB313A-03F4-4669-B75F-421941C95F25}.Debug|Any CPU.Build.0 = Debug|Any CPU
		{39DB313A-03F4-4669-B75F-421941C95F25}.Debug|x64.ActiveCfg = Debug|Any CPU
		{39DB313A-03F4-4669-B75F-421941C95F25}.Debug|x64.Build.0 = Debug|Any CPU
		{39DB313A-03F4-4669-B75F-421941C95F25}.Debug|x86.ActiveCfg = Debug|Any CPU
		{39DB313A-03F4-4669-B75F-421941C95F25}.Debug|x86.Build.0 = Debug|Any CPU
		{39DB313A-03F4-4669-B75F-421941C95F25}.Release|Any CPU.ActiveCfg = Release|Any CPU
		{39DB313A-03F4-4669-B75F-421941C95F25}.Release|Any CPU.Build.0 = Release|Any CPU
		{39DB313A-03F4-4669-B75F-421941C95F25}.Release|x64.ActiveCfg = Release|Any CPU
		{39DB313A-03F4-4669-B75F-421941C95F25}.Release|x64.Build.0 = Release|Any CPU
		{39DB313A-03F4-4669-B75F-421941C95F25}.Release|x86.ActiveCfg = Release|Any CPU
		{39DB313A-03F4-4669-B75F-421941C95F25}.Release|x86.Build.0 = Release|Any CPU
		{08934CC5-EF03-4797-8E0E-18CD7B0FDD0D}.Debug|Any CPU.ActiveCfg = Debug|Any CPU
		{08934CC5-EF03-4797-8E0E-18CD7B0FDD0D}.Debug|Any CPU.Build.0 = Debug|Any CPU
		{08934CC5-EF03-4797-8E0E-18CD7B0FDD0D}.Debug|x64.ActiveCfg = Debug|Any CPU
		{08934CC5-EF03-4797-8E0E-18CD7B0FDD0D}.Debug|x64.Build.0 = Debug|Any CPU
		{08934CC5-EF03-4797-8E0E-18CD7B0FDD0D}.Debug|x86.ActiveCfg = Debug|Any CPU
		{08934CC5-EF03-4797-8E0E-18CD7B0FDD0D}.Debug|x86.Build.0 = Debug|Any CPU
		{08934CC5-EF03-4797-8E0E-18CD7B0FDD0D}.Release|Any CPU.ActiveCfg = Release|Any CPU
		{08934CC5-EF03-4797-8E0E-18CD7B0FDD0D}.Release|Any CPU.Build.0 = Release|Any CPU
		{08934CC5-EF03-4797-8E0E-18CD7B0FDD0D}.Release|x64.ActiveCfg = Release|Any CPU
		{08934CC5-EF03-4797-8E0E-18CD7B0FDD0D}.Release|x64.Build.0 = Release|Any CPU
		{08934CC5-EF03-4797-8E0E-18CD7B0FDD0D}.Release|x86.ActiveCfg = Release|Any CPU
		{08934CC5-EF03-4797-8E0E-18CD7B0FDD0D}.Release|x86.Build.0 = Release|Any CPU
		{693FB6C3-E10C-4E98-9F75-03D95F69A5ED}.Debug|Any CPU.ActiveCfg = Debug|Any CPU
		{693FB6C3-E10C-4E98-9F75-03D95F69A5ED}.Debug|Any CPU.Build.0 = Debug|Any CPU
		{693FB6C3-E10C-4E98-9F75-03D95F69A5ED}.Debug|x64.ActiveCfg = Debug|Any CPU
		{693FB6C3-E10C-4E98-9F75-03D95F69A5ED}.Debug|x64.Build.0 = Debug|Any CPU
		{693FB6C3-E10C-4E98-9F75-03D95F69A5ED}.Debug|x86.ActiveCfg = Debug|Any CPU
		{693FB6C3-E10C-4E98-9F75-03D95F69A5ED}.Debug|x86.Build.0 = Debug|Any CPU
		{693FB6C3-E10C-4E98-9F75-03D95F69A5ED}.Release|Any CPU.ActiveCfg = Release|Any CPU
		{693FB6C3-E10C-4E98-9F75-03D95F69A5ED}.Release|Any CPU.Build.0 = Release|Any CPU
		{693FB6C3-E10C-4E98-9F75-03D95F69A5ED}.Release|x64.ActiveCfg = Release|Any CPU
		{693FB6C3-E10C-4E98-9F75-03D95F69A5ED}.Release|x64.Build.0 = Release|Any CPU
		{693FB6C3-E10C-4E98-9F75-03D95F69A5ED}.Release|x86.ActiveCfg = Release|Any CPU
		{693FB6C3-E10C-4E98-9F75-03D95F69A5ED}.Release|x86.Build.0 = Release|Any CPU
		{1CD271B6-E0E7-46EE-8783-566B30BF5123}.Debug|Any CPU.ActiveCfg = Debug|Any CPU
		{1CD271B6-E0E7-46EE-8783-566B30BF5123}.Debug|Any CPU.Build.0 = Debug|Any CPU
		{1CD271B6-E0E7-46EE-8783-566B30BF5123}.Debug|x64.ActiveCfg = Debug|Any CPU
		{1CD271B6-E0E7-46EE-8783-566B30BF5123}.Debug|x64.Build.0 = Debug|Any CPU
		{1CD271B6-E0E7-46EE-8783-566B30BF5123}.Debug|x86.ActiveCfg = Debug|Any CPU
		{1CD271B6-E0E7-46EE-8783-566B30BF5123}.Debug|x86.Build.0 = Debug|Any CPU
		{1CD271B6-E0E7-46EE-8783-566B30BF5123}.Release|Any CPU.ActiveCfg = Release|Any CPU
		{1CD271B6-E0E7-46EE-8783-566B30BF5123}.Release|Any CPU.Build.0 = Release|Any CPU
		{1CD271B6-E0E7-46EE-8783-566B30BF5123}.Release|x64.ActiveCfg = Release|Any CPU
		{1CD271B6-E0E7-46EE-8783-566B30BF5123}.Release|x64.Build.0 = Release|Any CPU
		{1CD271B6-E0E7-46EE-8783-566B30BF5123}.Release|x86.ActiveCfg = Release|Any CPU
		{1CD271B6-E0E7-46EE-8783-566B30BF5123}.Release|x86.Build.0 = Release|Any CPU
		{250412DF-3184-4643-B247-CECDBA99ABA7}.Debug|Any CPU.ActiveCfg = Debug|Any CPU
		{250412DF-3184-4643-B247-CECDBA99ABA7}.Debug|Any CPU.Build.0 = Debug|Any CPU
		{250412DF-3184-4643-B247-CECDBA99ABA7}.Debug|x64.ActiveCfg = Debug|Any CPU
		{250412DF-3184-4643-B247-CECDBA99ABA7}.Debug|x64.Build.0 = Debug|Any CPU
		{250412DF-3184-4643-B247-CECDBA99ABA7}.Debug|x86.ActiveCfg = Debug|Any CPU
		{250412DF-3184-4643-B247-CECDBA99ABA7}.Debug|x86.Build.0 = Debug|Any CPU
		{250412DF-3184-4643-B247-CECDBA99ABA7}.Release|Any CPU.ActiveCfg = Release|Any CPU
		{250412DF-3184-4643-B247-CECDBA99ABA7}.Release|Any CPU.Build.0 = Release|Any CPU
		{250412DF-3184-4643-B247-CECDBA99ABA7}.Release|x64.ActiveCfg = Release|Any CPU
		{250412DF-3184-4643-B247-CECDBA99ABA7}.Release|x64.Build.0 = Release|Any CPU
		{250412DF-3184-4643-B247-CECDBA99ABA7}.Release|x86.ActiveCfg = Release|Any CPU
		{250412DF-3184-4643-B247-CECDBA99ABA7}.Release|x86.Build.0 = Release|Any CPU
		{D7728824-4A2C-450B-A6B1-80F1A3540075}.Debug|Any CPU.ActiveCfg = Debug|Any CPU
		{D7728824-4A2C-450B-A6B1-80F1A3540075}.Debug|Any CPU.Build.0 = Debug|Any CPU
		{D7728824-4A2C-450B-A6B1-80F1A3540075}.Debug|x64.ActiveCfg = Debug|Any CPU
		{D7728824-4A2C-450B-A6B1-80F1A3540075}.Debug|x64.Build.0 = Debug|Any CPU
		{D7728824-4A2C-450B-A6B1-80F1A3540075}.Debug|x86.ActiveCfg = Debug|Any CPU
		{D7728824-4A2C-450B-A6B1-80F1A3540075}.Debug|x86.Build.0 = Debug|Any CPU
		{D7728824-4A2C-450B-A6B1-80F1A3540075}.Release|Any CPU.ActiveCfg = Release|Any CPU
		{D7728824-4A2C-450B-A6B1-80F1A3540075}.Release|Any CPU.Build.0 = Release|Any CPU
		{D7728824-4A2C-450B-A6B1-80F1A3540075}.Release|x64.ActiveCfg = Release|Any CPU
		{D7728824-4A2C-450B-A6B1-80F1A3540075}.Release|x64.Build.0 = Release|Any CPU
		{D7728824-4A2C-450B-A6B1-80F1A3540075}.Release|x86.ActiveCfg = Release|Any CPU
		{D7728824-4A2C-450B-A6B1-80F1A3540075}.Release|x86.Build.0 = Release|Any CPU
		{1EE95A30-06A1-49AA-B8DA-00188E297871}.Debug|Any CPU.ActiveCfg = Debug|Any CPU
		{1EE95A30-06A1-49AA-B8DA-00188E297871}.Debug|Any CPU.Build.0 = Debug|Any CPU
		{1EE95A30-06A1-49AA-B8DA-00188E297871}.Debug|x64.ActiveCfg = Debug|Any CPU
		{1EE95A30-06A1-49AA-B8DA-00188E297871}.Debug|x64.Build.0 = Debug|Any CPU
		{1EE95A30-06A1-49AA-B8DA-00188E297871}.Debug|x86.ActiveCfg = Debug|Any CPU
		{1EE95A30-06A1-49AA-B8DA-00188E297871}.Debug|x86.Build.0 = Debug|Any CPU
		{1EE95A30-06A1-49AA-B8DA-00188E297871}.Release|Any CPU.ActiveCfg = Release|Any CPU
		{1EE95A30-06A1-49AA-B8DA-00188E297871}.Release|Any CPU.Build.0 = Release|Any CPU
		{1EE95A30-06A1-49AA-B8DA-00188E297871}.Release|x64.ActiveCfg = Release|Any CPU
		{1EE95A30-06A1-49AA-B8DA-00188E297871}.Release|x64.Build.0 = Release|Any CPU
		{1EE95A30-06A1-49AA-B8DA-00188E297871}.Release|x86.ActiveCfg = Release|Any CPU
		{1EE95A30-06A1-49AA-B8DA-00188E297871}.Release|x86.Build.0 = Release|Any CPU
		{CA486D50-EEE3-4D3A-B199-68BAAB1D64B2}.Debug|Any CPU.ActiveCfg = Debug|Any CPU
		{CA486D50-EEE3-4D3A-B199-68BAAB1D64B2}.Debug|Any CPU.Build.0 = Debug|Any CPU
		{CA486D50-EEE3-4D3A-B199-68BAAB1D64B2}.Debug|x64.ActiveCfg = Debug|Any CPU
		{CA486D50-EEE3-4D3A-B199-68BAAB1D64B2}.Debug|x64.Build.0 = Debug|Any CPU
		{CA486D50-EEE3-4D3A-B199-68BAAB1D64B2}.Debug|x86.ActiveCfg = Debug|Any CPU
		{CA486D50-EEE3-4D3A-B199-68BAAB1D64B2}.Debug|x86.Build.0 = Debug|Any CPU
		{CA486D50-EEE3-4D3A-B199-68BAAB1D64B2}.Release|Any CPU.ActiveCfg = Release|Any CPU
		{CA486D50-EEE3-4D3A-B199-68BAAB1D64B2}.Release|Any CPU.Build.0 = Release|Any CPU
		{CA486D50-EEE3-4D3A-B199-68BAAB1D64B2}.Release|x64.ActiveCfg = Release|Any CPU
		{CA486D50-EEE3-4D3A-B199-68BAAB1D64B2}.Release|x64.Build.0 = Release|Any CPU
		{CA486D50-EEE3-4D3A-B199-68BAAB1D64B2}.Release|x86.ActiveCfg = Release|Any CPU
		{CA486D50-EEE3-4D3A-B199-68BAAB1D64B2}.Release|x86.Build.0 = Release|Any CPU
		{73455FF3-90F1-44FB-9AA4-8E7EB6D6FBBA}.Debug|Any CPU.ActiveCfg = Debug|Any CPU
		{73455FF3-90F1-44FB-9AA4-8E7EB6D6FBBA}.Debug|Any CPU.Build.0 = Debug|Any CPU
		{73455FF3-90F1-44FB-9AA4-8E7EB6D6FBBA}.Debug|x64.ActiveCfg = Debug|Any CPU
		{73455FF3-90F1-44FB-9AA4-8E7EB6D6FBBA}.Debug|x64.Build.0 = Debug|Any CPU
		{73455FF3-90F1-44FB-9AA4-8E7EB6D6FBBA}.Debug|x86.ActiveCfg = Debug|Any CPU
		{73455FF3-90F1-44FB-9AA4-8E7EB6D6FBBA}.Debug|x86.Build.0 = Debug|Any CPU
		{73455FF3-90F1-44FB-9AA4-8E7EB6D6FBBA}.Release|Any CPU.ActiveCfg = Release|Any CPU
		{73455FF3-90F1-44FB-9AA4-8E7EB6D6FBBA}.Release|Any CPU.Build.0 = Release|Any CPU
		{73455FF3-90F1-44FB-9AA4-8E7EB6D6FBBA}.Release|x64.ActiveCfg = Release|Any CPU
		{73455FF3-90F1-44FB-9AA4-8E7EB6D6FBBA}.Release|x64.Build.0 = Release|Any CPU
		{73455FF3-90F1-44FB-9AA4-8E7EB6D6FBBA}.Release|x86.ActiveCfg = Release|Any CPU
		{73455FF3-90F1-44FB-9AA4-8E7EB6D6FBBA}.Release|x86.Build.0 = Release|Any CPU
		{505096B3-CFFC-4D7B-BD61-C811B71A6AE3}.Debug|Any CPU.ActiveCfg = Debug|Any CPU
		{505096B3-CFFC-4D7B-BD61-C811B71A6AE3}.Debug|Any CPU.Build.0 = Debug|Any CPU
		{505096B3-CFFC-4D7B-BD61-C811B71A6AE3}.Debug|x64.ActiveCfg = Debug|Any CPU
		{505096B3-CFFC-4D7B-BD61-C811B71A6AE3}.Debug|x64.Build.0 = Debug|Any CPU
		{505096B3-CFFC-4D7B-BD61-C811B71A6AE3}.Debug|x86.ActiveCfg = Debug|Any CPU
		{505096B3-CFFC-4D7B-BD61-C811B71A6AE3}.Debug|x86.Build.0 = Debug|Any CPU
		{505096B3-CFFC-4D7B-BD61-C811B71A6AE3}.Release|Any CPU.ActiveCfg = Release|Any CPU
		{505096B3-CFFC-4D7B-BD61-C811B71A6AE3}.Release|Any CPU.Build.0 = Release|Any CPU
		{505096B3-CFFC-4D7B-BD61-C811B71A6AE3}.Release|x64.ActiveCfg = Release|Any CPU
		{505096B3-CFFC-4D7B-BD61-C811B71A6AE3}.Release|x64.Build.0 = Release|Any CPU
		{505096B3-CFFC-4D7B-BD61-C811B71A6AE3}.Release|x86.ActiveCfg = Release|Any CPU
		{505096B3-CFFC-4D7B-BD61-C811B71A6AE3}.Release|x86.Build.0 = Release|Any CPU
		{D568D7C2-ED28-4998-8D6D-C613CD557AE1}.Debug|Any CPU.ActiveCfg = Debug|Any CPU
		{D568D7C2-ED28-4998-8D6D-C613CD557AE1}.Debug|Any CPU.Build.0 = Debug|Any CPU
		{D568D7C2-ED28-4998-8D6D-C613CD557AE1}.Debug|x64.ActiveCfg = Debug|Any CPU
		{D568D7C2-ED28-4998-8D6D-C613CD557AE1}.Debug|x64.Build.0 = Debug|Any CPU
		{D568D7C2-ED28-4998-8D6D-C613CD557AE1}.Debug|x86.ActiveCfg = Debug|Any CPU
		{D568D7C2-ED28-4998-8D6D-C613CD557AE1}.Debug|x86.Build.0 = Debug|Any CPU
		{D568D7C2-ED28-4998-8D6D-C613CD557AE1}.Release|Any CPU.ActiveCfg = Release|Any CPU
		{D568D7C2-ED28-4998-8D6D-C613CD557AE1}.Release|Any CPU.Build.0 = Release|Any CPU
		{D568D7C2-ED28-4998-8D6D-C613CD557AE1}.Release|x64.ActiveCfg = Release|Any CPU
		{D568D7C2-ED28-4998-8D6D-C613CD557AE1}.Release|x64.Build.0 = Release|Any CPU
		{D568D7C2-ED28-4998-8D6D-C613CD557AE1}.Release|x86.ActiveCfg = Release|Any CPU
		{D568D7C2-ED28-4998-8D6D-C613CD557AE1}.Release|x86.Build.0 = Release|Any CPU
		{60CE77A9-C4DB-410B-9A36-7EA5C9F5BF66}.Debug|Any CPU.ActiveCfg = Debug|Any CPU
		{60CE77A9-C4DB-410B-9A36-7EA5C9F5BF66}.Debug|Any CPU.Build.0 = Debug|Any CPU
		{60CE77A9-C4DB-410B-9A36-7EA5C9F5BF66}.Debug|x64.ActiveCfg = Debug|Any CPU
		{60CE77A9-C4DB-410B-9A36-7EA5C9F5BF66}.Debug|x64.Build.0 = Debug|Any CPU
		{60CE77A9-C4DB-410B-9A36-7EA5C9F5BF66}.Debug|x86.ActiveCfg = Debug|Any CPU
		{60CE77A9-C4DB-410B-9A36-7EA5C9F5BF66}.Debug|x86.Build.0 = Debug|Any CPU
		{60CE77A9-C4DB-410B-9A36-7EA5C9F5BF66}.Release|Any CPU.ActiveCfg = Release|Any CPU
		{60CE77A9-C4DB-410B-9A36-7EA5C9F5BF66}.Release|Any CPU.Build.0 = Release|Any CPU
		{60CE77A9-C4DB-410B-9A36-7EA5C9F5BF66}.Release|x64.ActiveCfg = Release|Any CPU
		{60CE77A9-C4DB-410B-9A36-7EA5C9F5BF66}.Release|x64.Build.0 = Release|Any CPU
		{60CE77A9-C4DB-410B-9A36-7EA5C9F5BF66}.Release|x86.ActiveCfg = Release|Any CPU
		{60CE77A9-C4DB-410B-9A36-7EA5C9F5BF66}.Release|x86.Build.0 = Release|Any CPU
		{BCC81BBA-D2C9-4AC3-A748-B208D977D3BD}.Debug|Any CPU.ActiveCfg = Debug|Any CPU
		{BCC81BBA-D2C9-4AC3-A748-B208D977D3BD}.Debug|Any CPU.Build.0 = Debug|Any CPU
		{BCC81BBA-D2C9-4AC3-A748-B208D977D3BD}.Debug|x64.ActiveCfg = Debug|Any CPU
		{BCC81BBA-D2C9-4AC3-A748-B208D977D3BD}.Debug|x64.Build.0 = Debug|Any CPU
		{BCC81BBA-D2C9-4AC3-A748-B208D977D3BD}.Debug|x86.ActiveCfg = Debug|Any CPU
		{BCC81BBA-D2C9-4AC3-A748-B208D977D3BD}.Debug|x86.Build.0 = Debug|Any CPU
		{BCC81BBA-D2C9-4AC3-A748-B208D977D3BD}.Release|Any CPU.ActiveCfg = Release|Any CPU
		{BCC81BBA-D2C9-4AC3-A748-B208D977D3BD}.Release|Any CPU.Build.0 = Release|Any CPU
		{BCC81BBA-D2C9-4AC3-A748-B208D977D3BD}.Release|x64.ActiveCfg = Release|Any CPU
		{BCC81BBA-D2C9-4AC3-A748-B208D977D3BD}.Release|x64.Build.0 = Release|Any CPU
		{BCC81BBA-D2C9-4AC3-A748-B208D977D3BD}.Release|x86.ActiveCfg = Release|Any CPU
		{BCC81BBA-D2C9-4AC3-A748-B208D977D3BD}.Release|x86.Build.0 = Release|Any CPU
		{1A26E9FD-84A6-4024-B178-FF3DAA6E815A}.Debug|Any CPU.ActiveCfg = Debug|Any CPU
		{1A26E9FD-84A6-4024-B178-FF3DAA6E815A}.Debug|Any CPU.Build.0 = Debug|Any CPU
		{1A26E9FD-84A6-4024-B178-FF3DAA6E815A}.Debug|x64.ActiveCfg = Debug|Any CPU
		{1A26E9FD-84A6-4024-B178-FF3DAA6E815A}.Debug|x64.Build.0 = Debug|Any CPU
		{1A26E9FD-84A6-4024-B178-FF3DAA6E815A}.Debug|x86.ActiveCfg = Debug|Any CPU
		{1A26E9FD-84A6-4024-B178-FF3DAA6E815A}.Debug|x86.Build.0 = Debug|Any CPU
		{1A26E9FD-84A6-4024-B178-FF3DAA6E815A}.Release|Any CPU.ActiveCfg = Release|Any CPU
		{1A26E9FD-84A6-4024-B178-FF3DAA6E815A}.Release|Any CPU.Build.0 = Release|Any CPU
		{1A26E9FD-84A6-4024-B178-FF3DAA6E815A}.Release|x64.ActiveCfg = Release|Any CPU
		{1A26E9FD-84A6-4024-B178-FF3DAA6E815A}.Release|x64.Build.0 = Release|Any CPU
		{1A26E9FD-84A6-4024-B178-FF3DAA6E815A}.Release|x86.ActiveCfg = Release|Any CPU
		{1A26E9FD-84A6-4024-B178-FF3DAA6E815A}.Release|x86.Build.0 = Release|Any CPU
		{A1F0EFE5-EF03-4F07-B1DC-8FC3DD093E3E}.Debug|Any CPU.ActiveCfg = Debug|Any CPU
		{A1F0EFE5-EF03-4F07-B1DC-8FC3DD093E3E}.Debug|Any CPU.Build.0 = Debug|Any CPU
		{A1F0EFE5-EF03-4F07-B1DC-8FC3DD093E3E}.Debug|x64.ActiveCfg = Debug|Any CPU
		{A1F0EFE5-EF03-4F07-B1DC-8FC3DD093E3E}.Debug|x64.Build.0 = Debug|Any CPU
		{A1F0EFE5-EF03-4F07-B1DC-8FC3DD093E3E}.Debug|x86.ActiveCfg = Debug|Any CPU
		{A1F0EFE5-EF03-4F07-B1DC-8FC3DD093E3E}.Debug|x86.Build.0 = Debug|Any CPU
		{A1F0EFE5-EF03-4F07-B1DC-8FC3DD093E3E}.Release|Any CPU.ActiveCfg = Release|Any CPU
		{A1F0EFE5-EF03-4F07-B1DC-8FC3DD093E3E}.Release|Any CPU.Build.0 = Release|Any CPU
		{A1F0EFE5-EF03-4F07-B1DC-8FC3DD093E3E}.Release|x64.ActiveCfg = Release|Any CPU
		{A1F0EFE5-EF03-4F07-B1DC-8FC3DD093E3E}.Release|x64.Build.0 = Release|Any CPU
		{A1F0EFE5-EF03-4F07-B1DC-8FC3DD093E3E}.Release|x86.ActiveCfg = Release|Any CPU
		{A1F0EFE5-EF03-4F07-B1DC-8FC3DD093E3E}.Release|x86.Build.0 = Release|Any CPU
		{09F2EED0-8CEC-47B2-A75F-C8B488A19C8F}.Debug|Any CPU.ActiveCfg = Debug|Any CPU
		{09F2EED0-8CEC-47B2-A75F-C8B488A19C8F}.Debug|Any CPU.Build.0 = Debug|Any CPU
		{09F2EED0-8CEC-47B2-A75F-C8B488A19C8F}.Debug|x64.ActiveCfg = Debug|Any CPU
		{09F2EED0-8CEC-47B2-A75F-C8B488A19C8F}.Debug|x64.Build.0 = Debug|Any CPU
		{09F2EED0-8CEC-47B2-A75F-C8B488A19C8F}.Debug|x86.ActiveCfg = Debug|Any CPU
		{09F2EED0-8CEC-47B2-A75F-C8B488A19C8F}.Debug|x86.Build.0 = Debug|Any CPU
		{09F2EED0-8CEC-47B2-A75F-C8B488A19C8F}.Release|Any CPU.ActiveCfg = Release|Any CPU
		{09F2EED0-8CEC-47B2-A75F-C8B488A19C8F}.Release|Any CPU.Build.0 = Release|Any CPU
		{09F2EED0-8CEC-47B2-A75F-C8B488A19C8F}.Release|x64.ActiveCfg = Release|Any CPU
		{09F2EED0-8CEC-47B2-A75F-C8B488A19C8F}.Release|x64.Build.0 = Release|Any CPU
		{09F2EED0-8CEC-47B2-A75F-C8B488A19C8F}.Release|x86.ActiveCfg = Release|Any CPU
		{09F2EED0-8CEC-47B2-A75F-C8B488A19C8F}.Release|x86.Build.0 = Release|Any CPU
		{01DA2ADC-F5FB-440B-8847-797D4F3A37ED}.Debug|Any CPU.ActiveCfg = Debug|Any CPU
		{01DA2ADC-F5FB-440B-8847-797D4F3A37ED}.Debug|Any CPU.Build.0 = Debug|Any CPU
		{01DA2ADC-F5FB-440B-8847-797D4F3A37ED}.Debug|x64.ActiveCfg = Debug|Any CPU
		{01DA2ADC-F5FB-440B-8847-797D4F3A37ED}.Debug|x64.Build.0 = Debug|Any CPU
		{01DA2ADC-F5FB-440B-8847-797D4F3A37ED}.Debug|x86.ActiveCfg = Debug|Any CPU
		{01DA2ADC-F5FB-440B-8847-797D4F3A37ED}.Debug|x86.Build.0 = Debug|Any CPU
		{01DA2ADC-F5FB-440B-8847-797D4F3A37ED}.Release|Any CPU.ActiveCfg = Release|Any CPU
		{01DA2ADC-F5FB-440B-8847-797D4F3A37ED}.Release|Any CPU.Build.0 = Release|Any CPU
		{01DA2ADC-F5FB-440B-8847-797D4F3A37ED}.Release|x64.ActiveCfg = Release|Any CPU
		{01DA2ADC-F5FB-440B-8847-797D4F3A37ED}.Release|x64.Build.0 = Release|Any CPU
		{01DA2ADC-F5FB-440B-8847-797D4F3A37ED}.Release|x86.ActiveCfg = Release|Any CPU
		{01DA2ADC-F5FB-440B-8847-797D4F3A37ED}.Release|x86.Build.0 = Release|Any CPU
		{EBD55170-B7F1-424C-A3DE-87AF5D0BAC55}.Debug|Any CPU.ActiveCfg = Debug|Any CPU
		{EBD55170-B7F1-424C-A3DE-87AF5D0BAC55}.Debug|Any CPU.Build.0 = Debug|Any CPU
		{EBD55170-B7F1-424C-A3DE-87AF5D0BAC55}.Debug|x64.ActiveCfg = Debug|Any CPU
		{EBD55170-B7F1-424C-A3DE-87AF5D0BAC55}.Debug|x64.Build.0 = Debug|Any CPU
		{EBD55170-B7F1-424C-A3DE-87AF5D0BAC55}.Debug|x86.ActiveCfg = Debug|Any CPU
		{EBD55170-B7F1-424C-A3DE-87AF5D0BAC55}.Debug|x86.Build.0 = Debug|Any CPU
		{EBD55170-B7F1-424C-A3DE-87AF5D0BAC55}.Release|Any CPU.ActiveCfg = Release|Any CPU
		{EBD55170-B7F1-424C-A3DE-87AF5D0BAC55}.Release|Any CPU.Build.0 = Release|Any CPU
		{EBD55170-B7F1-424C-A3DE-87AF5D0BAC55}.Release|x64.ActiveCfg = Release|Any CPU
		{EBD55170-B7F1-424C-A3DE-87AF5D0BAC55}.Release|x64.Build.0 = Release|Any CPU
		{EBD55170-B7F1-424C-A3DE-87AF5D0BAC55}.Release|x86.ActiveCfg = Release|Any CPU
		{EBD55170-B7F1-424C-A3DE-87AF5D0BAC55}.Release|x86.Build.0 = Release|Any CPU
		{21224E40-F2E6-44D0-9D74-B684AB596803}.Debug|Any CPU.ActiveCfg = Debug|Any CPU
		{21224E40-F2E6-44D0-9D74-B684AB596803}.Debug|Any CPU.Build.0 = Debug|Any CPU
		{21224E40-F2E6-44D0-9D74-B684AB596803}.Debug|x64.ActiveCfg = Debug|Any CPU
		{21224E40-F2E6-44D0-9D74-B684AB596803}.Debug|x64.Build.0 = Debug|Any CPU
		{21224E40-F2E6-44D0-9D74-B684AB596803}.Debug|x86.ActiveCfg = Debug|Any CPU
		{21224E40-F2E6-44D0-9D74-B684AB596803}.Debug|x86.Build.0 = Debug|Any CPU
		{21224E40-F2E6-44D0-9D74-B684AB596803}.Release|Any CPU.ActiveCfg = Release|Any CPU
		{21224E40-F2E6-44D0-9D74-B684AB596803}.Release|Any CPU.Build.0 = Release|Any CPU
		{21224E40-F2E6-44D0-9D74-B684AB596803}.Release|x64.ActiveCfg = Release|Any CPU
		{21224E40-F2E6-44D0-9D74-B684AB596803}.Release|x64.Build.0 = Release|Any CPU
		{21224E40-F2E6-44D0-9D74-B684AB596803}.Release|x86.ActiveCfg = Release|Any CPU
		{21224E40-F2E6-44D0-9D74-B684AB596803}.Release|x86.Build.0 = Release|Any CPU
		{87AD1386-766B-4566-A7D8-17283CB0C7A7}.Debug|Any CPU.ActiveCfg = Debug|Any CPU
		{87AD1386-766B-4566-A7D8-17283CB0C7A7}.Debug|Any CPU.Build.0 = Debug|Any CPU
		{87AD1386-766B-4566-A7D8-17283CB0C7A7}.Debug|x64.ActiveCfg = Debug|Any CPU
		{87AD1386-766B-4566-A7D8-17283CB0C7A7}.Debug|x64.Build.0 = Debug|Any CPU
		{87AD1386-766B-4566-A7D8-17283CB0C7A7}.Debug|x86.ActiveCfg = Debug|Any CPU
		{87AD1386-766B-4566-A7D8-17283CB0C7A7}.Debug|x86.Build.0 = Debug|Any CPU
		{87AD1386-766B-4566-A7D8-17283CB0C7A7}.Release|Any CPU.ActiveCfg = Release|Any CPU
		{87AD1386-766B-4566-A7D8-17283CB0C7A7}.Release|Any CPU.Build.0 = Release|Any CPU
		{87AD1386-766B-4566-A7D8-17283CB0C7A7}.Release|x64.ActiveCfg = Release|Any CPU
		{87AD1386-766B-4566-A7D8-17283CB0C7A7}.Release|x64.Build.0 = Release|Any CPU
		{87AD1386-766B-4566-A7D8-17283CB0C7A7}.Release|x86.ActiveCfg = Release|Any CPU
		{87AD1386-766B-4566-A7D8-17283CB0C7A7}.Release|x86.Build.0 = Release|Any CPU
		{479ADB9D-5C88-4EAA-A5C3-DF65BF12475E}.Debug|Any CPU.ActiveCfg = Debug|Any CPU
		{479ADB9D-5C88-4EAA-A5C3-DF65BF12475E}.Debug|Any CPU.Build.0 = Debug|Any CPU
		{479ADB9D-5C88-4EAA-A5C3-DF65BF12475E}.Debug|x64.ActiveCfg = Debug|Any CPU
		{479ADB9D-5C88-4EAA-A5C3-DF65BF12475E}.Debug|x64.Build.0 = Debug|Any CPU
		{479ADB9D-5C88-4EAA-A5C3-DF65BF12475E}.Debug|x86.ActiveCfg = Debug|Any CPU
		{479ADB9D-5C88-4EAA-A5C3-DF65BF12475E}.Debug|x86.Build.0 = Debug|Any CPU
		{479ADB9D-5C88-4EAA-A5C3-DF65BF12475E}.Release|Any CPU.ActiveCfg = Release|Any CPU
		{479ADB9D-5C88-4EAA-A5C3-DF65BF12475E}.Release|Any CPU.Build.0 = Release|Any CPU
		{479ADB9D-5C88-4EAA-A5C3-DF65BF12475E}.Release|x64.ActiveCfg = Release|Any CPU
		{479ADB9D-5C88-4EAA-A5C3-DF65BF12475E}.Release|x64.Build.0 = Release|Any CPU
		{479ADB9D-5C88-4EAA-A5C3-DF65BF12475E}.Release|x86.ActiveCfg = Release|Any CPU
		{479ADB9D-5C88-4EAA-A5C3-DF65BF12475E}.Release|x86.Build.0 = Release|Any CPU
		{38A9F533-C565-4496-B985-1154068BBC13}.Debug|Any CPU.ActiveCfg = Debug|Any CPU
		{38A9F533-C565-4496-B985-1154068BBC13}.Debug|Any CPU.Build.0 = Debug|Any CPU
		{38A9F533-C565-4496-B985-1154068BBC13}.Debug|x64.ActiveCfg = Debug|Any CPU
		{38A9F533-C565-4496-B985-1154068BBC13}.Debug|x64.Build.0 = Debug|Any CPU
		{38A9F533-C565-4496-B985-1154068BBC13}.Debug|x86.ActiveCfg = Debug|Any CPU
		{38A9F533-C565-4496-B985-1154068BBC13}.Debug|x86.Build.0 = Debug|Any CPU
		{38A9F533-C565-4496-B985-1154068BBC13}.Release|Any CPU.ActiveCfg = Release|Any CPU
		{38A9F533-C565-4496-B985-1154068BBC13}.Release|Any CPU.Build.0 = Release|Any CPU
		{38A9F533-C565-4496-B985-1154068BBC13}.Release|x64.ActiveCfg = Release|Any CPU
		{38A9F533-C565-4496-B985-1154068BBC13}.Release|x64.Build.0 = Release|Any CPU
		{38A9F533-C565-4496-B985-1154068BBC13}.Release|x86.ActiveCfg = Release|Any CPU
		{38A9F533-C565-4496-B985-1154068BBC13}.Release|x86.Build.0 = Release|Any CPU
	EndGlobalSection
	GlobalSection(SolutionProperties) = preSolution
		HideSolutionNode = FALSE
	EndGlobalSection
	GlobalSection(NestedProjects) = preSolution
		{09F55A60-2C22-37D5-405F-F92307257BDA} = {827E0CD3-B72D-47B6-A68D-7590B98EB39B}
		{68D1A365-E228-C1F0-3CB5-50101C18D27A} = {09F55A60-2C22-37D5-405F-F92307257BDA}
		{9900DB37-0C53-2DB6-CFC4-B34421C1A368} = {68D1A365-E228-C1F0-3CB5-50101C18D27A}
		{CC1FA4B5-2803-A465-376C-17E6D3227910} = {0AB3BF05-4346-4AA6-1389-037BE0695223}
		{B748D8F0-C49B-6669-17E7-A9A9F18E35E6} = {CC1FA4B5-2803-A465-376C-17E6D3227910}
		{666EDC38-28ED-485A-9990-1CCCDDF9B4B9} = {B748D8F0-C49B-6669-17E7-A9A9F18E35E6}
		{3DCC4A1B-4BE9-06B0-3AB2-480CB2481CF1} = {09F55A60-2C22-37D5-405F-F92307257BDA}
		{733F6E19-37C4-47A0-923A-D2ACD5FA9768} = {3DCC4A1B-4BE9-06B0-3AB2-480CB2481CF1}
		{3F16F954-9AF9-0833-65AA-B7A6FCBD2BE1} = {CC1FA4B5-2803-A465-376C-17E6D3227910}
		{F4968831-6566-4D9A-8464-717111946296} = {3F16F954-9AF9-0833-65AA-B7A6FCBD2BE1}
		{E3C9E87A-2918-68E5-6392-39339FFB1678} = {09F55A60-2C22-37D5-405F-F92307257BDA}
		{1F7DE59C-98DD-4FE1-8FBF-BBFB422274E5} = {E3C9E87A-2918-68E5-6392-39339FFB1678}
		{773A33BD-D2B2-5C00-0577-80015D27F707} = {CC1FA4B5-2803-A465-376C-17E6D3227910}
		{4607C806-EAEB-476C-B234-84C0FD532821} = {773A33BD-D2B2-5C00-0577-80015D27F707}
		{8145A5CB-2EE8-FAD9-A119-DA6ABD73DCC7} = {09F55A60-2C22-37D5-405F-F92307257BDA}
		{4B06B7AC-2C87-42A6-B514-B64FAB6D2E9D} = {8145A5CB-2EE8-FAD9-A119-DA6ABD73DCC7}
		{AF4B1D66-3A38-5FEC-3228-214E16A16117} = {CC1FA4B5-2803-A465-376C-17E6D3227910}
		{80AC57F1-FE13-4894-B1EB-C7854BAD726D} = {AF4B1D66-3A38-5FEC-3228-214E16A16117}
		{68C04A14-8D3B-6EE7-A98E-DDD361592E94} = {09F55A60-2C22-37D5-405F-F92307257BDA}
		{DDFCB745-CB5D-4D7C-A8DC-F89F5695499C} = {68C04A14-8D3B-6EE7-A98E-DDD361592E94}
		{D1FF0F8E-4024-5E38-7CEC-982FD5B5AADD} = {CC1FA4B5-2803-A465-376C-17E6D3227910}
		{CA5A8D1A-3B45-425B-B09B-0A0D58F372F9} = {D1FF0F8E-4024-5E38-7CEC-982FD5B5AADD}
		{7562CCAD-EDB9-4D18-E3A5-65DE7E6D0F79} = {908A2AE8-7277-8D33-5900-B70622523C2F}
		{4A4B652F-8388-9DE6-8427-E1BD1C816086} = {7562CCAD-EDB9-4D18-E3A5-65DE7E6D0F79}
		{B25D7F03-157C-46E0-B477-E48A51AA513B} = {4A4B652F-8388-9DE6-8427-E1BD1C816086}
		{9DB4D443-841E-536A-809C-8F6E30B043D6} = {CC1FA4B5-2803-A465-376C-17E6D3227910}
		{239F8250-FBAC-42E8-B1D2-E0B39D570530} = {9DB4D443-841E-536A-809C-8F6E30B043D6}
		{9436978B-0500-9AB4-B5B3-54521F12C59A} = {827E0CD3-B72D-47B6-A68D-7590B98EB39B}
		{EDED702E-8BDF-52C2-2052-9FB0A6304D23} = {9436978B-0500-9AB4-B5B3-54521F12C59A}
		{BF596C1E-8A21-4EE4-8781-FE86A7C79DE3} = {EDED702E-8BDF-52C2-2052-9FB0A6304D23}
		{05637657-7D44-8666-35DC-4229375EA4A8} = {0AB3BF05-4346-4AA6-1389-037BE0695223}
		{58AD3DE2-907D-D116-CC6F-13F98EE4487D} = {05637657-7D44-8666-35DC-4229375EA4A8}
		{EF45CDBA-A8BA-4B06-806A-49FC37135D36} = {58AD3DE2-907D-D116-CC6F-13F98EE4487D}
		{0D5FB0AB-8338-688E-4519-FADD8E557431} = {9436978B-0500-9AB4-B5B3-54521F12C59A}
		{25DC9D5E-19AD-4C70-930A-3A3A9F614D6E} = {0D5FB0AB-8338-688E-4519-FADD8E557431}
		{4D393AC0-10D1-1B79-650D-85EC7C5016B7} = {05637657-7D44-8666-35DC-4229375EA4A8}
		{698A8C6B-0787-49D9-A6CB-F919BB4015D7} = {4D393AC0-10D1-1B79-650D-85EC7C5016B7}
		{B060A98C-34B1-FEB1-1FD3-9F431D0AE3EF} = {9436978B-0500-9AB4-B5B3-54521F12C59A}
		{9D132B91-AE8B-4740-BCAF-DB9E5E5C866A} = {B060A98C-34B1-FEB1-1FD3-9F431D0AE3EF}
		{3C39FF42-0D80-D006-89AA-77BBCA85BDE5} = {05637657-7D44-8666-35DC-4229375EA4A8}
		{224E05E5-A3D7-4395-BB83-2D37640F1EA7} = {3C39FF42-0D80-D006-89AA-77BBCA85BDE5}
		{9AA9F946-A0E2-B6DE-1130-0B06930EF79A} = {9436978B-0500-9AB4-B5B3-54521F12C59A}
		{427F9B34-63FD-4400-9E3E-3434C568CE82} = {9AA9F946-A0E2-B6DE-1130-0B06930EF79A}
		{1BDD1689-8463-C5DF-4E35-9E419C97B853} = {05637657-7D44-8666-35DC-4229375EA4A8}
		{EB9A6879-AA34-4412-B5C0-13A630E09B17} = {1BDD1689-8463-C5DF-4E35-9E419C97B853}
		{9A51268F-E9D9-566B-4261-CB617D7C1691} = {9436978B-0500-9AB4-B5B3-54521F12C59A}
		{64121D8D-D5FD-4664-87DE-DA7404923664} = {9A51268F-E9D9-566B-4261-CB617D7C1691}
		{61FD3B9E-2B50-8630-B915-5E95D613FD5A} = {05637657-7D44-8666-35DC-4229375EA4A8}
		{FFCB008E-AF2F-47F9-B720-5B653F9E703C} = {61FD3B9E-2B50-8630-B915-5E95D613FD5A}
		{5A9AFE86-A9C7-6986-1733-7EFB4210EB2B} = {9436978B-0500-9AB4-B5B3-54521F12C59A}
		{58056A60-AC76-4806-B09F-CAED7293C720} = {5A9AFE86-A9C7-6986-1733-7EFB4210EB2B}
		{83EA3501-30C7-6CEC-87DB-62C1C5D33F54} = {05637657-7D44-8666-35DC-4229375EA4A8}
		{5EF6E9BD-2E43-4F26-9BB9-F294EDFCA2E9} = {83EA3501-30C7-6CEC-87DB-62C1C5D33F54}
		{15983243-BCA8-2F99-EC42-CEA7A2EB73B8} = {9436978B-0500-9AB4-B5B3-54521F12C59A}
		{54BC07D0-0300-40D5-A92E-4E364E89CC3F} = {15983243-BCA8-2F99-EC42-CEA7A2EB73B8}
		{60618785-1092-40C8-8A80-4B6AB4519547} = {15983243-BCA8-2F99-EC42-CEA7A2EB73B8}
		{5E0C085B-8C4B-1DB9-9515-826D3EF5E1DE} = {05637657-7D44-8666-35DC-4229375EA4A8}
		{996626EC-E8A3-45D3-BF56-4CE94B7654B7} = {5E0C085B-8C4B-1DB9-9515-826D3EF5E1DE}
		{0401CF89-E113-AA21-DAC2-39C396C1AB82} = {908A2AE8-7277-8D33-5900-B70622523C2F}
		{54943C66-2AB0-D44F-B446-0780C7303896} = {0401CF89-E113-AA21-DAC2-39C396C1AB82}
		{8BADD51D-9CE9-2DBD-F880-A5A7EB5CD139} = {54943C66-2AB0-D44F-B446-0780C7303896}
		{0AB652D0-A857-4232-ADC3-D2F23EC17992} = {8BADD51D-9CE9-2DBD-F880-A5A7EB5CD139}
		{55E25B19-D8BE-500A-A52A-E54B99309FDE} = {05637657-7D44-8666-35DC-4229375EA4A8}
		{7D468F8C-7636-4B9E-8B29-47C8F7338405} = {55E25B19-D8BE-500A-A52A-E54B99309FDE}
		{E1CD993F-B883-E92C-777F-3C18ABA86BC6} = {827E0CD3-B72D-47B6-A68D-7590B98EB39B}
		{BDC1D0C2-D5D8-4775-7326-F605E5BF87B7} = {E1CD993F-B883-E92C-777F-3C18ABA86BC6}
		{201D4BC2-194C-4643-B9D9-39B27109E8DD} = {BDC1D0C2-D5D8-4775-7326-F605E5BF87B7}
		{5EF5CC93-B804-1E3F-540B-20CFA20728E6} = {0AB3BF05-4346-4AA6-1389-037BE0695223}
		{A9D4FEB8-0920-B98D-97F4-43377EBB55E4} = {5EF5CC93-B804-1E3F-540B-20CFA20728E6}
		{39DB313A-03F4-4669-B75F-421941C95F25} = {A9D4FEB8-0920-B98D-97F4-43377EBB55E4}
		{487E7273-06CF-5A40-0816-04674AD47D6B} = {E1CD993F-B883-E92C-777F-3C18ABA86BC6}
		{08934CC5-EF03-4797-8E0E-18CD7B0FDD0D} = {487E7273-06CF-5A40-0816-04674AD47D6B}
		{B4351682-1CAC-1432-5FA6-B23F159331E4} = {5EF5CC93-B804-1E3F-540B-20CFA20728E6}
		{693FB6C3-E10C-4E98-9F75-03D95F69A5ED} = {B4351682-1CAC-1432-5FA6-B23F159331E4}
		{7267665F-3FD5-10E2-923F-B7FA3682C446} = {E1CD993F-B883-E92C-777F-3C18ABA86BC6}
		{1CD271B6-E0E7-46EE-8783-566B30BF5123} = {7267665F-3FD5-10E2-923F-B7FA3682C446}
		{53D89A59-2EB9-1216-76B1-EB801D45AB92} = {5EF5CC93-B804-1E3F-540B-20CFA20728E6}
		{250412DF-3184-4643-B247-CECDBA99ABA7} = {53D89A59-2EB9-1216-76B1-EB801D45AB92}
		{95733875-E8EB-07E1-0DC3-8C6969FCDC2F} = {E1CD993F-B883-E92C-777F-3C18ABA86BC6}
		{D7728824-4A2C-450B-A6B1-80F1A3540075} = {95733875-E8EB-07E1-0DC3-8C6969FCDC2F}
		{C9FC18D1-ABAB-953B-0A4E-8F169C850927} = {5EF5CC93-B804-1E3F-540B-20CFA20728E6}
		{1EE95A30-06A1-49AA-B8DA-00188E297871} = {C9FC18D1-ABAB-953B-0A4E-8F169C850927}
		{22B9FB5E-9395-12C8-0AAC-DA5F3A67543B} = {E1CD993F-B883-E92C-777F-3C18ABA86BC6}
		{CA486D50-EEE3-4D3A-B199-68BAAB1D64B2} = {22B9FB5E-9395-12C8-0AAC-DA5F3A67543B}
		{A65CF167-2A81-85E5-1330-9D89AC314141} = {5EF5CC93-B804-1E3F-540B-20CFA20728E6}
		{73455FF3-90F1-44FB-9AA4-8E7EB6D6FBBA} = {A65CF167-2A81-85E5-1330-9D89AC314141}
		{F1FF89E8-1F1F-3FDD-C33C-9B59C7621459} = {E1CD993F-B883-E92C-777F-3C18ABA86BC6}
		{505096B3-CFFC-4D7B-BD61-C811B71A6AE3} = {F1FF89E8-1F1F-3FDD-C33C-9B59C7621459}
		{18D27904-A5BE-C58F-705F-3738C5181592} = {5EF5CC93-B804-1E3F-540B-20CFA20728E6}
		{D568D7C2-ED28-4998-8D6D-C613CD557AE1} = {18D27904-A5BE-C58F-705F-3738C5181592}
		{9D684101-88ED-C339-0737-E6C616727C3A} = {E1CD993F-B883-E92C-777F-3C18ABA86BC6}
		{60CE77A9-C4DB-410B-9A36-7EA5C9F5BF66} = {9D684101-88ED-C339-0737-E6C616727C3A}
		{2D21C992-DCE3-6CFB-D01D-D75392C93978} = {5EF5CC93-B804-1E3F-540B-20CFA20728E6}
		{BCC81BBA-D2C9-4AC3-A748-B208D977D3BD} = {2D21C992-DCE3-6CFB-D01D-D75392C93978}
		{94608E8A-8C14-E03A-8D90-E2799005450C} = {E1CD993F-B883-E92C-777F-3C18ABA86BC6}
		{1A26E9FD-84A6-4024-B178-FF3DAA6E815A} = {94608E8A-8C14-E03A-8D90-E2799005450C}
		{A1F0EFE5-EF03-4F07-B1DC-8FC3DD093E3E} = {94608E8A-8C14-E03A-8D90-E2799005450C}
		{E9F2FD01-6013-2C69-E488-51B3F75E2BEC} = {5EF5CC93-B804-1E3F-540B-20CFA20728E6}
		{09F2EED0-8CEC-47B2-A75F-C8B488A19C8F} = {E9F2FD01-6013-2C69-E488-51B3F75E2BEC}
		{25A56BE2-A935-73BA-E95E-7CC5D548EED7} = {908A2AE8-7277-8D33-5900-B70622523C2F}
		{7167B95A-5003-64C3-E6D2-1E2B6A61F81F} = {25A56BE2-A935-73BA-E95E-7CC5D548EED7}
		{75C88ED5-863F-C59E-5F1C-DE5E7435F063} = {7167B95A-5003-64C3-E6D2-1E2B6A61F81F}
		{01DA2ADC-F5FB-440B-8847-797D4F3A37ED} = {75C88ED5-863F-C59E-5F1C-DE5E7435F063}
		{3BAFD224-B8C7-A82F-B56F-8174B2BDE91B} = {5EF5CC93-B804-1E3F-540B-20CFA20728E6}
		{EBD55170-B7F1-424C-A3DE-87AF5D0BAC55} = {3BAFD224-B8C7-A82F-B56F-8174B2BDE91B}
		{E2DAFCF0-33F6-DC23-C234-A984DBC23731} = {827E0CD3-B72D-47B6-A68D-7590B98EB39B}
		{20C1AB59-DDCE-C290-BDEE-AAD16FA8A3F4} = {E2DAFCF0-33F6-DC23-C234-A984DBC23731}
		{21224E40-F2E6-44D0-9D74-B684AB596803} = {20C1AB59-DDCE-C290-BDEE-AAD16FA8A3F4}
		{3EC2C9CE-58CC-61BE-842C-4C8F3AF81FD5} = {0AB3BF05-4346-4AA6-1389-037BE0695223}
		{D3F7CB80-0AB5-04F0-5208-B42AAADC6F1F} = {3EC2C9CE-58CC-61BE-842C-4C8F3AF81FD5}
		{87AD1386-766B-4566-A7D8-17283CB0C7A7} = {D3F7CB80-0AB5-04F0-5208-B42AAADC6F1F}
		{84990F52-B29A-43AF-C636-84047E6CCA19} = {E2DAFCF0-33F6-DC23-C234-A984DBC23731}
		{479ADB9D-5C88-4EAA-A5C3-DF65BF12475E} = {84990F52-B29A-43AF-C636-84047E6CCA19}
		{3278895B-85C5-62BE-4557-3C898DD93581} = {3EC2C9CE-58CC-61BE-842C-4C8F3AF81FD5}
		{38A9F533-C565-4496-B985-1154068BBC13} = {3278895B-85C5-62BE-4557-3C898DD93581}
	EndGlobalSection
	GlobalSection(ExtensibilityGlobals) = postSolution
		SolutionGuid = {5DB4AAAF-489E-4B19-9A74-9368F8A91E16}
	EndGlobalSection
EndGlobal
